// !$*UTF8*$!
{
	archiveVersion = 1;
	classes = {
	};
	objectVersion = 55;
	objects = {

/* Begin PBXBuildFile section */
		EC0D1F6427AB078600FBDC51 /* AppDelegate.swift in Sources */ = {isa = PBXBuildFile; fileRef = EC0D1F6327AB078600FBDC51 /* AppDelegate.swift */; };
		EC0D1F6627AB078600FBDC51 /* SceneDelegate.swift in Sources */ = {isa = PBXBuildFile; fileRef = EC0D1F6527AB078600FBDC51 /* SceneDelegate.swift */; };
		EC0D1F6827AB078600FBDC51 /* ViewController.swift in Sources */ = {isa = PBXBuildFile; fileRef = EC0D1F6727AB078600FBDC51 /* ViewController.swift */; };
		EC0D1F6B27AB078600FBDC51 /* Main.storyboard in Resources */ = {isa = PBXBuildFile; fileRef = EC0D1F6927AB078600FBDC51 /* Main.storyboard */; };
		EC0D1F6D27AB078700FBDC51 /* Assets.xcassets in Resources */ = {isa = PBXBuildFile; fileRef = EC0D1F6C27AB078700FBDC51 /* Assets.xcassets */; };
		EC0D1F7027AB078700FBDC51 /* LaunchScreen.storyboard in Resources */ = {isa = PBXBuildFile; fileRef = EC0D1F6E27AB078700FBDC51 /* LaunchScreen.storyboard */; };
		EC42666F27AB0F98001D7B02 /* DetailsViewController.swift in Sources */ = {isa = PBXBuildFile; fileRef = EC42666E27AB0F98001D7B02 /* DetailsViewController.swift */; };
		EC42667127AB1A3F001D7B02 /* Cities.swift in Sources */ = {isa = PBXBuildFile; fileRef = EC42667027AB1A3F001D7B02 /* Cities.swift */; };
/* End PBXBuildFile section */

/* Begin PBXFileReference section */
		EC0D1F6027AB078600FBDC51 /* SehirTanitimKitabi.app */ = {isa = PBXFileReference; explicitFileType = wrapper.application; includeInIndex = 0; path = SehirTanitimKitabi.app; sourceTree = BUILT_PRODUCTS_DIR; };
		EC0D1F6327AB078600FBDC51 /* AppDelegate.swift */ = {isa = PBXFileReference; lastKnownFileType = sourcecode.swift; path = AppDelegate.swift; sourceTree = "<group>"; };
		EC0D1F6527AB078600FBDC51 /* SceneDelegate.swift */ = {isa = PBXFileReference; lastKnownFileType = sourcecode.swift; path = SceneDelegate.swift; sourceTree = "<group>"; };
		EC0D1F6727AB078600FBDC51 /* ViewController.swift */ = {isa = PBXFileReference; lastKnownFileType = sourcecode.swift; path = ViewController.swift; sourceTree = "<group>"; };
		EC0D1F6A27AB078600FBDC51 /* Base */ = {isa = PBXFileReference; lastKnownFileType = file.storyboard; name = Base; path = Base.lproj/Main.storyboard; sourceTree = "<group>"; };
		EC0D1F6C27AB078700FBDC51 /* Assets.xcassets */ = {isa = PBXFileReference; lastKnownFileType = folder.assetcatalog; path = Assets.xcassets; sourceTree = "<group>"; };
		EC0D1F6F27AB078700FBDC51 /* Base */ = {isa = PBXFileReference; lastKnownFileType = file.storyboard; name = Base; path = Base.lproj/LaunchScreen.storyboard; sourceTree = "<group>"; };
		EC0D1F7127AB078700FBDC51 /* Info.plist */ = {isa = PBXFileReference; lastKnownFileType = text.plist.xml; path = Info.plist; sourceTree = "<group>"; };
		EC42666E27AB0F98001D7B02 /* DetailsViewController.swift */ = {isa = PBXFileReference; lastKnownFileType = sourcecode.swift; path = DetailsViewController.swift; sourceTree = "<group>"; };
		EC42667027AB1A3F001D7B02 /* Cities.swift */ = {isa = PBXFileReference; lastKnownFileType = sourcecode.swift; path = Cities.swift; sourceTree = "<group>"; };
/* End PBXFileReference section */

/* Begin PBXFrameworksBuildPhase section */
		EC0D1F5D27AB078600FBDC51 /* Frameworks */ = {
			isa = PBXFrameworksBuildPhase;
			buildActionMask = 2147483647;
			files = (
			);
			runOnlyForDeploymentPostprocessing = 0;
		};
/* End PBXFrameworksBuildPhase section */

/* Begin PBXGroup section */
		EC0D1F5727AB078600FBDC51 = {
			isa = PBXGroup;
			children = (
				EC0D1F6227AB078600FBDC51 /* SehirTanitimKitabi */,
				EC0D1F6127AB078600FBDC51 /* Products */,
			);
			sourceTree = "<group>";
		};
		EC0D1F6127AB078600FBDC51 /* Products */ = {
			isa = PBXGroup;
			children = (
				EC0D1F6027AB078600FBDC51 /* SehirTanitimKitabi.app */,
			);
			name = Products;
			sourceTree = "<group>";
		};
		EC0D1F6227AB078600FBDC51 /* SehirTanitimKitabi */ = {
			isa = PBXGroup;
			children = (
				EC0D1F6327AB078600FBDC51 /* AppDelegate.swift */,
				EC0D1F6527AB078600FBDC51 /* SceneDelegate.swift */,
				EC0D1F6727AB078600FBDC51 /* ViewController.swift */,
				EC42666E27AB0F98001D7B02 /* DetailsViewController.swift */,
				EC42667027AB1A3F001D7B02 /* Cities.swift */,
				EC0D1F6927AB078600FBDC51 /* Main.storyboard */,
				EC0D1F6C27AB078700FBDC51 /* Assets.xcassets */,
				EC0D1F6E27AB078700FBDC51 /* LaunchScreen.storyboard */,
				EC0D1F7127AB078700FBDC51 /* Info.plist */,
			);
			path = SehirTanitimKitabi;
			sourceTree = "<group>";
		};
/* End PBXGroup section */

/* Begin PBXNativeTarget section */
		EC0D1F5F27AB078600FBDC51 /* SehirTanitimKitabi */ = {
			isa = PBXNativeTarget;
			buildConfigurationList = EC0D1F7427AB078700FBDC51 /* Build configuration list for PBXNativeTarget "SehirTanitimKitabi" */;
			buildPhases = (
				EC0D1F5C27AB078600FBDC51 /* Sources */,
				EC0D1F5D27AB078600FBDC51 /* Frameworks */,
				EC0D1F5E27AB078600FBDC51 /* Resources */,
			);
			buildRules = (
			);
			dependencies = (
			);
			name = SehirTanitimKitabi;
			productName = SehirTanitimKitabi;
			productReference = EC0D1F6027AB078600FBDC51 /* SehirTanitimKitabi.app */;
			productType = "com.apple.product-type.application";
		};
/* End PBXNativeTarget section */

/* Begin PBXProject section */
		EC0D1F5827AB078600FBDC51 /* Project object */ = {
			isa = PBXProject;
			attributes = {
				BuildIndependentTargetsInParallel = 1;
				LastSwiftUpdateCheck = 1320;
				LastUpgradeCheck = 1320;
				TargetAttributes = {
					EC0D1F5F27AB078600FBDC51 = {
						CreatedOnToolsVersion = 13.2.1;
					};
				};
			};
			buildConfigurationList = EC0D1F5B27AB078600FBDC51 /* Build configuration list for PBXProject "SehirTanitimKitabi" */;
			compatibilityVersion = "Xcode 13.0";
			developmentRegion = en;
			hasScannedForEncodings = 0;
			knownRegions = (
				en,
				Base,
			);
			mainGroup = EC0D1F5727AB078600FBDC51;
			productRefGroup = EC0D1F6127AB078600FBDC51 /* Products */;
			projectDirPath = "";
			projectRoot = "";
			targets = (
				EC0D1F5F27AB078600FBDC51 /* SehirTanitimKitabi */,
			);
		};
/* End PBXProject section */

/* Begin PBXResourcesBuildPhase section */
		EC0D1F5E27AB078600FBDC51 /* Resources */ = {
			isa = PBXResourcesBuildPhase;
			buildActionMask = 2147483647;
			files = (
				EC0D1F7027AB078700FBDC51 /* LaunchScreen.storyboard in Resources */,
				EC0D1F6D27AB078700FBDC51 /* Assets.xcassets in Resources */,
				EC0D1F6B27AB078600FBDC51 /* Main.storyboard in Resources */,
			);
			runOnlyForDeploymentPostprocessing = 0;
		};
/* End PBXResourcesBuildPhase section */

/* Begin PBXSourcesBuildPhase section */
		EC0D1F5C27AB078600FBDC51 /* Sources */ = {
			isa = PBXSourcesBuildPhase;
			buildActionMask = 2147483647;
			files = (
				EC0D1F6827AB078600FBDC51 /* ViewController.swift in Sources */,
				EC42667127AB1A3F001D7B02 /* Cities.swift in Sources */,
				EC0D1F6427AB078600FBDC51 /* AppDelegate.swift in Sources */,
				EC0D1F6627AB078600FBDC51 /* SceneDelegate.swift in Sources */,
				EC42666F27AB0F98001D7B02 /* DetailsViewController.swift in Sources */,
			);
			runOnlyForDeploymentPostprocessing = 0;
		};
/* End PBXSourcesBuildPhase section */

/* Begin PBXVariantGroup section */
		EC0D1F6927AB078600FBDC51 /* Main.storyboard */ = {
			isa = PBXVariantGroup;
			children = (
				EC0D1F6A27AB078600FBDC51 /* Base */,
			);
			name = Main.storyboard;
			sourceTree = "<group>";
		};
		EC0D1F6E27AB078700FBDC51 /* LaunchScreen.storyboard */ = {
			isa = PBXVariantGroup;
			children = (
				EC0D1F6F27AB078700FBDC51 /* Base */,
			);
			name = LaunchScreen.storyboard;
			sourceTree = "<group>";
		};
/* End PBXVariantGroup section */

/* Begin XCBuildConfiguration section */
		EC0D1F7227AB078700FBDC51 /* Debug */ = {
			isa = XCBuildConfiguration;
			buildSettings = {
				ALWAYS_SEARCH_USER_PATHS = NO;
				CLANG_ANALYZER_NONNULL = YES;
				CLANG_ANALYZER_NUMBER_OBJECT_CONVERSION = YES_AGGRESSIVE;
				CLANG_CXX_LANGUAGE_STANDARD = "gnu++17";
				CLANG_CXX_LIBRARY = "libc++";
				CLANG_ENABLE_MODULES = YES;
				CLANG_ENABLE_OBJC_ARC = YES;
				CLANG_ENABLE_OBJC_WEAK = YES;
				CLANG_WARN_BLOCK_CAPTURE_AUTORELEASING = YES;
				CLANG_WARN_BOOL_CONVERSION = YES;
				CLANG_WARN_COMMA = YES;
				CLANG_WARN_CONSTANT_CONVERSION = YES;
				CLANG_WARN_DEPRECATED_OBJC_IMPLEMENTATIONS = YES;
				CLANG_WARN_DIRECT_OBJC_ISA_USAGE = YES_ERROR;
				CLANG_WARN_DOCUMENTATION_COMMENTS = YES;
				CLANG_WARN_EMPTY_BODY = YES;
				CLANG_WARN_ENUM_CONVERSION = YES;
				CLANG_WARN_INFINITE_RECURSION = YES;
				CLANG_WARN_INT_CONVERSION = YES;
				CLANG_WARN_NON_LITERAL_NULL_CONVERSION = YES;
				CLANG_WARN_OBJC_IMPLICIT_RETAIN_SELF = YES;
				CLANG_WARN_OBJC_LITERAL_CONVERSION = YES;
				CLANG_WARN_OBJC_ROOT_CLASS = YES_ERROR;
				CLANG_WARN_QUOTED_INCLUDE_IN_FRAMEWORK_HEADER = YES;
				CLANG_WARN_RANGE_LOOP_ANALYSIS = YES;
				CLANG_WARN_STRICT_PROTOTYPES = YES;
				CLANG_WARN_SUSPICIOUS_MOVE = YES;
				CLANG_WARN_UNGUARDED_AVAILABILITY = YES_AGGRESSIVE;
				CLANG_WARN_UNREACHABLE_CODE = YES;
				CLANG_WARN__DUPLICATE_METHOD_MATCH = YES;
				COPY_PHASE_STRIP = NO;
				DEBUG_INFORMATION_FORMAT = dwarf;
				ENABLE_STRICT_OBJC_MSGSEND = YES;
				ENABLE_TESTABILITY = YES;
				GCC_C_LANGUAGE_STANDARD = gnu11;
				GCC_DYNAMIC_NO_PIC = NO;
				GCC_NO_COMMON_BLOCKS = YES;
				GCC_OPTIMIZATION_LEVEL = 0;
				GCC_PREPROCESSOR_DEFINITIONS = (
					"DEBUG=1",
					"$(inherited)",
				);
				GCC_WARN_64_TO_32_BIT_CONVERSION = YES;
				GCC_WARN_ABOUT_RETURN_TYPE = YES_ERROR;
				GCC_WARN_UNDECLARED_SELECTOR = YES;
				GCC_WARN_UNINITIALIZED_AUTOS = YES_AGGRESSIVE;
				GCC_WARN_UNUSED_FUNCTION = YES;
				GCC_WARN_UNUSED_VARIABLE = YES;
				IPHONEOS_DEPLOYMENT_TARGET = 15.2;
				MTL_ENABLE_DEBUG_INFO = INCLUDE_SOURCE;
				MTL_FAST_MATH = YES;
				ONLY_ACTIVE_ARCH = YES;
				SDKROOT = iphoneos;
				SWIFT_ACTIVE_COMPILATION_CONDITIONS = DEBUG;
				SWIFT_OPTIMIZATION_LEVEL = "-Onone";
			};
			name = Debug;
		};
		EC0D1F7327AB078700FBDC51 /* Release */ = {
			isa = XCBuildConfiguration;
			buildSettings = {
				ALWAYS_SEARCH_USER_PATHS = NO;
				CLANG_ANALYZER_NONNULL = YES;
				CLANG_ANALYZER_NUMBER_OBJECT_CONVERSION = YES_AGGRESSIVE;
				CLANG_CXX_LANGUAGE_STANDARD = "gnu++17";
				CLANG_CXX_LIBRARY = "libc++";
				CLANG_ENABLE_MODULES = YES;
				CLANG_ENABLE_OBJC_ARC = YES;
				CLANG_ENABLE_OBJC_WEAK = YES;
				CLANG_WARN_BLOCK_CAPTURE_AUTORELEASING = YES;
				CLANG_WARN_BOOL_CONVERSION = YES;
				CLANG_WARN_COMMA = YES;
				CLANG_WARN_CONSTANT_CONVERSION = YES;
				CLANG_WARN_DEPRECATED_OBJC_IMPLEMENTATIONS = YES;
				CLANG_WARN_DIRECT_OBJC_ISA_USAGE = YES_ERROR;
				CLANG_WARN_DOCUMENTATION_COMMENTS = YES;
				CLANG_WARN_EMPTY_BODY = YES;
				CLANG_WARN_ENUM_CONVERSION = YES;
				CLANG_WARN_INFINITE_RECURSION = YES;
				CLANG_WARN_INT_CONVERSION = YES;
				CLANG_WARN_NON_LITERAL_NULL_CONVERSION = YES;
				CLANG_WARN_OBJC_IMPLICIT_RETAIN_SELF = YES;
				CLANG_WARN_OBJC_LITERAL_CONVERSION = YES;
				CLANG_WARN_OBJC_ROOT_CLASS = YES_ERROR;
				CLANG_WARN_QUOTED_INCLUDE_IN_FRAMEWORK_HEADER = YES;
				CLANG_WARN_RANGE_LOOP_ANALYSIS = YES;
				CLANG_WARN_STRICT_PROTOTYPES = YES;
				CLANG_WARN_SUSPICIOUS_MOVE = YES;
				CLANG_WARN_UNGUARDED_AVAILABILITY = YES_AGGRESSIVE;
				CLANG_WARN_UNREACHABLE_CODE = YES;
				CLANG_WARN__DUPLICATE_METHOD_MATCH = YES;
				COPY_PHASE_STRIP = NO;
				DEBUG_INFORMATION_FORMAT = "dwarf-with-dsym";
				ENABLE_NS_ASSERTIONS = NO;
				ENABLE_STRICT_OBJC_MSGSEND = YES;
				GCC_C_LANGUAGE_STANDARD = gnu11;
				GCC_NO_COMMON_BLOCKS = YES;
				GCC_WARN_64_TO_32_BIT_CONVERSION = YES;
				GCC_WARN_ABOUT_RETURN_TYPE = YES_ERROR;
				GCC_WARN_UNDECLARED_SELECTOR = YES;
				GCC_WARN_UNINITIALIZED_AUTOS = YES_AGGRESSIVE;
				GCC_WARN_UNUSED_FUNCTION = YES;
				GCC_WARN_UNUSED_VARIABLE = YES;
				IPHONEOS_DEPLOYMENT_TARGET = 15.2;
				MTL_ENABLE_DEBUG_INFO = NO;
				MTL_FAST_MATH = YES;
				SDKROOT = iphoneos;
				SWIFT_COMPILATION_MODE = wholemodule;
				SWIFT_OPTIMIZATION_LEVEL = "-O";
				VALIDATE_PRODUCT = YES;
			};
			name = Release;
		};
		EC0D1F7527AB078700FBDC51 /* Debug */ = {
			isa = XCBuildConfiguration;
			buildSettings = {
				ASSETCATALOG_COMPILER_APPICON_NAME = AppIcon;
				ASSETCATALOG_COMPILER_GLOBAL_ACCENT_COLOR_NAME = AccentColor;
				CODE_SIGN_STYLE = Automatic;
				CURRENT_PROJECT_VERSION = 1;
				DEVELOPMENT_TEAM = K77FAAPLZ2;
				GENERATE_INFOPLIST_FILE = YES;
				INFOPLIST_FILE = SehirTanitimKitabi/Info.plist;
				INFOPLIST_KEY_UIApplicationSupportsIndirectInputEvents = YES;
				INFOPLIST_KEY_UILaunchStoryboardName = LaunchScreen;
				INFOPLIST_KEY_UIMainStoryboardFile = Main;
				INFOPLIST_KEY_UISupportedInterfaceOrientations_iPad = "UIInterfaceOrientationPortrait UIInterfaceOrientationPortraitUpsideDown UIInterfaceOrientationLandscapeLeft UIInterfaceOrientationLandscapeRight";
				INFOPLIST_KEY_UISupportedInterfaceOrientations_iPhone = "UIInterfaceOrientationPortrait UIInterfaceOrientationLandscapeLeft UIInterfaceOrientationLandscapeRight";
				LD_RUNPATH_SEARCH_PATHS = (
					"$(inherited)",
					"@executable_path/Frameworks",
				);
				MARKETING_VERSION = 1.0;
				PRODUCT_BUNDLE_IDENTIFIER = com.hacisimsek.SehirTanitimKitabi;
				PRODUCT_NAME = "$(TARGET_NAME)";
				SWIFT_EMIT_LOC_STRINGS = YES;
				SWIFT_VERSION = 5.0;
				TARGETED_DEVICE_FAMILY = "1,2";
			};
			name = Debug;
		};
		EC0D1F7627AB078700FBDC51 /* Release */ = {
			isa = XCBuildConfiguration;
			buildSettings = {
				ASSETCATALOG_COMPILER_APPICON_NAME = AppIcon;
				ASSETCATALOG_COMPILER_GLOBAL_ACCENT_COLOR_NAME = AccentColor;
				CODE_SIGN_STYLE = Automatic;
				CURRENT_PROJECT_VERSION = 1;
				DEVELOPMENT_TEAM = K77FAAPLZ2;
				GENERATE_INFOPLIST_FILE = YES;
				INFOPLIST_FILE = SehirTanitimKitabi/Info.plist;
				INFOPLIST_KEY_UIApplicationSupportsIndirectInputEvents = YES;
				INFOPLIST_KEY_UILaunchStoryboardName = LaunchScreen;
				INFOPLIST_KEY_UIMainStoryboardFile = Main;
				INFOPLIST_KEY_UISupportedInterfaceOrientations_iPad = "UIInterfaceOrientationPortrait UIInterfaceOrientationPortraitUpsideDown UIInterfaceOrientationLandscapeLeft UIInterfaceOrientationLandscapeRight";
				INFOPLIST_KEY_UISupportedInterfaceOrientations_iPhone = "UIInterfaceOrientationPortrait UIInterfaceOrientationLandscapeLeft UIInterfaceOrientationLandscapeRight";
				LD_RUNPATH_SEARCH_PATHS = (
					"$(inherited)",
					"@executable_path/Frameworks",
				);
				MARKETING_VERSION = 1.0;
				PRODUCT_BUNDLE_IDENTIFIER = com.hacisimsek.SehirTanitimKitabi;
				PRODUCT_NAME = "$(TARGET_NAME)";
				SWIFT_EMIT_LOC_STRINGS = YES;
				SWIFT_VERSION = 5.0;
				TARGETED_DEVICE_FAMILY = "1,2";
			};
			name = Release;
		};
/* End XCBuildConfiguration section */

/* Begin XCConfigurationList section */
		EC0D1F5B27AB078600FBDC51 /* Build configuration list for PBXProject "SehirTanitimKitabi" */ = {
			isa = XCConfigurationList;
			buildConfigurations = (
				EC0D1F7227AB078700FBDC51 /* Debug */,
				EC0D1F7327AB078700FBDC51 /* Release */,
			);
			defaultConfigurationIsVisible = 0;
			defaultConfigurationName = Release;
		};
		EC0D1F7427AB078700FBDC51 /* Build configuration list for PBXNativeTarget "SehirTanitimKitabi" */ = {
			isa = XCConfigurationList;
			buildConfigurations = (
				EC0D1F7527AB078700FBDC51 /* Debug */,
				EC0D1F7627AB078700FBDC51 /* Release */,
			);
			defaultConfigurationIsVisible = 0;
			defaultConfigurationName = Release;
		};
/* End XCConfigurationList section */
	};
	rootObject = EC0D1F5827AB078600FBDC51 /* Project object */;
}
