// !$*UTF8*$!
{
	archiveVersion = 1;
	classes = {
	};
	objectVersion = 56;
	objects = {

/* Begin PBXBuildFile section */
		065EB46B29F2A68A00B3EE16 /* AppDelegate.swift in Sources */ = {isa = PBXBuildFile; fileRef = 065EB46A29F2A68A00B3EE16 /* AppDelegate.swift */; };
		065EB46D29F2A68A00B3EE16 /* SceneDelegate.swift in Sources */ = {isa = PBXBuildFile; fileRef = 065EB46C29F2A68A00B3EE16 /* SceneDelegate.swift */; };
		065EB46F29F2A68A00B3EE16 /* ViewController.swift in Sources */ = {isa = PBXBuildFile; fileRef = 065EB46E29F2A68A00B3EE16 /* ViewController.swift */; };
		065EB47229F2A68A00B3EE16 /* Main.storyboard in Resources */ = {isa = PBXBuildFile; fileRef = 065EB47029F2A68A00B3EE16 /* Main.storyboard */; };
		065EB47529F2A68A00B3EE16 /* Core_Data_2.xcdatamodeld in Sources */ = {isa = PBXBuildFile; fileRef = 065EB47329F2A68A00B3EE16 /* Core_Data_2.xcdatamodeld */; };
		065EB47729F2A68B00B3EE16 /* Assets.xcassets in Resources */ = {isa = PBXBuildFile; fileRef = 065EB47629F2A68B00B3EE16 /* Assets.xcassets */; };
		065EB47A29F2A68B00B3EE16 /* LaunchScreen.storyboard in Resources */ = {isa = PBXBuildFile; fileRef = 065EB47829F2A68B00B3EE16 /* LaunchScreen.storyboard */; };
		065EB48229F2AE4300B3EE16 /* DetailViewController.swift in Sources */ = {isa = PBXBuildFile; fileRef = 065EB48129F2AE4300B3EE16 /* DetailViewController.swift */; };
/* End PBXBuildFile section */

/* Begin PBXFileReference section */
		065EB46729F2A68A00B3EE16 /* Core Data 2.app */ = {isa = PBXFileReference; explicitFileType = wrapper.application; includeInIndex = 0; path = "Core Data 2.app"; sourceTree = BUILT_PRODUCTS_DIR; };
		065EB46A29F2A68A00B3EE16 /* AppDelegate.swift */ = {isa = PBXFileReference; lastKnownFileType = sourcecode.swift; path = AppDelegate.swift; sourceTree = "<group>"; };
		065EB46C29F2A68A00B3EE16 /* SceneDelegate.swift */ = {isa = PBXFileReference; lastKnownFileType = sourcecode.swift; path = SceneDelegate.swift; sourceTree = "<group>"; };
		065EB46E29F2A68A00B3EE16 /* ViewController.swift */ = {isa = PBXFileReference; lastKnownFileType = sourcecode.swift; path = ViewController.swift; sourceTree = "<group>"; };
		065EB47129F2A68A00B3EE16 /* Base */ = {isa = PBXFileReference; lastKnownFileType = file.storyboard; name = Base; path = Base.lproj/Main.storyboard; sourceTree = "<group>"; };
		065EB47429F2A68A00B3EE16 /* Core_Data_2.xcdatamodel */ = {isa = PBXFileReference; lastKnownFileType = wrapper.xcdatamodel; path = Core_Data_2.xcdatamodel; sourceTree = "<group>"; };
		065EB47629F2A68B00B3EE16 /* Assets.xcassets */ = {isa = PBXFileReference; lastKnownFileType = folder.assetcatalog; path = Assets.xcassets; sourceTree = "<group>"; };
		065EB47929F2A68B00B3EE16 /* Base */ = {isa = PBXFileReference; lastKnownFileType = file.storyboard; name = Base; path = Base.lproj/LaunchScreen.storyboard; sourceTree = "<group>"; };
		065EB47B29F2A68B00B3EE16 /* Info.plist */ = {isa = PBXFileReference; lastKnownFileType = text.plist.xml; path = Info.plist; sourceTree = "<group>"; };
		065EB48129F2AE4300B3EE16 /* DetailViewController.swift */ = {isa = PBXFileReference; lastKnownFileType = sourcecode.swift; path = DetailViewController.swift; sourceTree = "<group>"; };
/* End PBXFileReference section */

/* Begin PBXFrameworksBuildPhase section */
		065EB46429F2A68A00B3EE16 /* Frameworks */ = {
			isa = PBXFrameworksBuildPhase;
			buildActionMask = 2147483647;
			files = (
			);
			runOnlyForDeploymentPostprocessing = 0;
		};
/* End PBXFrameworksBuildPhase section */

/* Begin PBXGroup section */
		065EB45E29F2A68A00B3EE16 = {
			isa = PBXGroup;
			children = (
				065EB46929F2A68A00B3EE16 /* Core Data 2 */,
				065EB46829F2A68A00B3EE16 /* Products */,
			);
			sourceTree = "<group>";
		};
		065EB46829F2A68A00B3EE16 /* Products */ = {
			isa = PBXGroup;
			children = (
				065EB46729F2A68A00B3EE16 /* Core Data 2.app */,
			);
			name = Products;
			sourceTree = "<group>";
		};
		065EB46929F2A68A00B3EE16 /* Core Data 2 */ = {
			isa = PBXGroup;
			children = (
				065EB46A29F2A68A00B3EE16 /* AppDelegate.swift */,
				065EB46C29F2A68A00B3EE16 /* SceneDelegate.swift */,
				065EB46E29F2A68A00B3EE16 /* ViewController.swift */,
				065EB47029F2A68A00B3EE16 /* Main.storyboard */,
				065EB47629F2A68B00B3EE16 /* Assets.xcassets */,
				065EB47829F2A68B00B3EE16 /* LaunchScreen.storyboard */,
				065EB47B29F2A68B00B3EE16 /* Info.plist */,
				065EB47329F2A68A00B3EE16 /* Core_Data_2.xcdatamodeld */,
				065EB48129F2AE4300B3EE16 /* DetailViewController.swift */,
			);
			path = "Core Data 2";
			sourceTree = "<group>";
		};
/* End PBXGroup section */

/* Begin PBXNativeTarget section */
		065EB46629F2A68A00B3EE16 /* Core Data 2 */ = {
			isa = PBXNativeTarget;
			buildConfigurationList = 065EB47E29F2A68B00B3EE16 /* Build configuration list for PBXNativeTarget "Core Data 2" */;
			buildPhases = (
				065EB46329F2A68A00B3EE16 /* Sources */,
				065EB46429F2A68A00B3EE16 /* Frameworks */,
				065EB46529F2A68A00B3EE16 /* Resources */,
			);
			buildRules = (
			);
			dependencies = (
			);
			name = "Core Data 2";
			productName = "Core Data 2";
			productReference = 065EB46729F2A68A00B3EE16 /* Core Data 2.app */;
			productType = "com.apple.product-type.application";
		};
/* End PBXNativeTarget section */

/* Begin PBXProject section */
		065EB45F29F2A68A00B3EE16 /* Project object */ = {
			isa = PBXProject;
			attributes = {
				BuildIndependentTargetsInParallel = 1;
				LastSwiftUpdateCheck = 1420;
				LastUpgradeCheck = 1420;
				TargetAttributes = {
					065EB46629F2A68A00B3EE16 = {
						CreatedOnToolsVersion = 14.2;
					};
				};
			};
			buildConfigurationList = 065EB46229F2A68A00B3EE16 /* Build configuration list for PBXProject "Core Data 2" */;
			compatibilityVersion = "Xcode 14.0";
			developmentRegion = en;
			hasScannedForEncodings = 0;
			knownRegions = (
				en,
				Base,
			);
			mainGroup = 065EB45E29F2A68A00B3EE16;
			productRefGroup = 065EB46829F2A68A00B3EE16 /* Products */;
			projectDirPath = "";
			projectRoot = "";
			targets = (
				065EB46629F2A68A00B3EE16 /* Core Data 2 */,
			);
		};
/* End PBXProject section */

/* Begin PBXResourcesBuildPhase section */
		065EB46529F2A68A00B3EE16 /* Resources */ = {
			isa = PBXResourcesBuildPhase;
			buildActionMask = 2147483647;
			files = (
				065EB47A29F2A68B00B3EE16 /* LaunchScreen.storyboard in Resources */,
				065EB47729F2A68B00B3EE16 /* Assets.xcassets in Resources */,
				065EB47229F2A68A00B3EE16 /* Main.storyboard in Resources */,
			);
			runOnlyForDeploymentPostprocessing = 0;
		};
/* End PBXResourcesBuildPhase section */

/* Begin PBXSourcesBuildPhase section */
		065EB46329F2A68A00B3EE16 /* Sources */ = {
			isa = PBXSourcesBuildPhase;
			buildActionMask = 2147483647;
			files = (
				065EB46F29F2A68A00B3EE16 /* ViewController.swift in Sources */,
				065EB46B29F2A68A00B3EE16 /* AppDelegate.swift in Sources */,
				065EB48229F2AE4300B3EE16 /* DetailViewController.swift in Sources */,
				065EB46D29F2A68A00B3EE16 /* SceneDelegate.swift in Sources */,
				065EB47529F2A68A00B3EE16 /* Core_Data_2.xcdatamodeld in Sources */,
			);
			runOnlyForDeploymentPostprocessing = 0;
		};
/* End PBXSourcesBuildPhase section */

/* Begin PBXVariantGroup section */
		065EB47029F2A68A00B3EE16 /* Main.storyboard */ = {
			isa = PBXVariantGroup;
			children = (
				065EB47129F2A68A00B3EE16 /* Base */,
			);
			name = Main.storyboard;
			sourceTree = "<group>";
		};
		065EB47829F2A68B00B3EE16 /* LaunchScreen.storyboard */ = {
			isa = PBXVariantGroup;
			children = (
				065EB47929F2A68B00B3EE16 /* Base */,
			);
			name = LaunchScreen.storyboard;
			sourceTree = "<group>";
		};
/* End PBXVariantGroup section */

/* Begin XCBuildConfiguration section */
		065EB47C29F2A68B00B3EE16 /* Debug */ = {
			isa = XCBuildConfiguration;
			buildSettings = {
				ALWAYS_SEARCH_USER_PATHS = NO;
				CLANG_ANALYZER_NONNULL = YES;
				CLANG_ANALYZER_NUMBER_OBJECT_CONVERSION = YES_AGGRESSIVE;
				CLANG_CXX_LANGUAGE_STANDARD = "gnu++20";
				CLANG_ENABLE_MODULES = YES;
				CLANG_ENABLE_OBJC_ARC = YES;
				CLANG_ENABLE_OBJC_WEAK = YES;
				CLANG_WARN_BLOCK_CAPTURE_AUTORELEASING = YES;
				CLANG_WARN_BOOL_CONVERSION = YES;
				CLANG_WARN_COMMA = YES;
				CLANG_WARN_CONSTANT_CONVERSION = YES;
				CLANG_WARN_DEPRECATED_OBJC_IMPLEMENTATIONS = YES;
				CLANG_WARN_DIRECT_OBJC_ISA_USAGE = YES_ERROR;
				CLANG_WARN_DOCUMENTATION_COMMENTS = YES;
				CLANG_WARN_EMPTY_BODY = YES;
				CLANG_WARN_ENUM_CONVERSION = YES;
				CLANG_WARN_INFINITE_RECURSION = YES;
				CLANG_WARN_INT_CONVERSION = YES;
				CLANG_WARN_NON_LITERAL_NULL_CONVERSION = YES;
				CLANG_WARN_OBJC_IMPLICIT_RETAIN_SELF = YES;
				CLANG_WARN_OBJC_LITERAL_CONVERSION = YES;
				CLANG_WARN_OBJC_ROOT_CLASS = YES_ERROR;
				CLANG_WARN_QUOTED_INCLUDE_IN_FRAMEWORK_HEADER = YES;
				CLANG_WARN_RANGE_LOOP_ANALYSIS = YES;
				CLANG_WARN_STRICT_PROTOTYPES = YES;
				CLANG_WARN_SUSPICIOUS_MOVE = YES;
				CLANG_WARN_UNGUARDED_AVAILABILITY = YES_AGGRESSIVE;
				CLANG_WARN_UNREACHABLE_CODE = YES;
				CLANG_WARN__DUPLICATE_METHOD_MATCH = YES;
				COPY_PHASE_STRIP = NO;
				DEBUG_INFORMATION_FORMAT = dwarf;
				ENABLE_STRICT_OBJC_MSGSEND = YES;
				ENABLE_TESTABILITY = YES;
				GCC_C_LANGUAGE_STANDARD = gnu11;
				GCC_DYNAMIC_NO_PIC = NO;
				GCC_NO_COMMON_BLOCKS = YES;
				GCC_OPTIMIZATION_LEVEL = 0;
				GCC_PREPROCESSOR_DEFINITIONS = (
					"DEBUG=1",
					"$(inherited)",
				);
				GCC_WARN_64_TO_32_BIT_CONVERSION = YES;
				GCC_WARN_ABOUT_RETURN_TYPE = YES_ERROR;
				GCC_WARN_UNDECLARED_SELECTOR = YES;
				GCC_WARN_UNINITIALIZED_AUTOS = YES_AGGRESSIVE;
				GCC_WARN_UNUSED_FUNCTION = YES;
				GCC_WARN_UNUSED_VARIABLE = YES;
				IPHONEOS_DEPLOYMENT_TARGET = 16.2;
				MTL_ENABLE_DEBUG_INFO = INCLUDE_SOURCE;
				MTL_FAST_MATH = YES;
				ONLY_ACTIVE_ARCH = YES;
				SDKROOT = iphoneos;
				SWIFT_ACTIVE_COMPILATION_CONDITIONS = DEBUG;
				SWIFT_OPTIMIZATION_LEVEL = "-Onone";
			};
			name = Debug;
		};
		065EB47D29F2A68B00B3EE16 /* Release */ = {
			isa = XCBuildConfiguration;
			buildSettings = {
				ALWAYS_SEARCH_USER_PATHS = NO;
				CLANG_ANALYZER_NONNULL = YES;
				CLANG_ANALYZER_NUMBER_OBJECT_CONVERSION = YES_AGGRESSIVE;
				CLANG_CXX_LANGUAGE_STANDARD = "gnu++20";
				CLANG_ENABLE_MODULES = YES;
				CLANG_ENABLE_OBJC_ARC = YES;
				CLANG_ENABLE_OBJC_WEAK = YES;
				CLANG_WARN_BLOCK_CAPTURE_AUTORELEASING = YES;
				CLANG_WARN_BOOL_CONVERSION = YES;
				CLANG_WARN_COMMA = YES;
				CLANG_WARN_CONSTANT_CONVERSION = YES;
				CLANG_WARN_DEPRECATED_OBJC_IMPLEMENTATIONS = YES;
				CLANG_WARN_DIRECT_OBJC_ISA_USAGE = YES_ERROR;
				CLANG_WARN_DOCUMENTATION_COMMENTS = YES;
				CLANG_WARN_EMPTY_BODY = YES;
				CLANG_WARN_ENUM_CONVERSION = YES;
				CLANG_WARN_INFINITE_RECURSION = YES;
				CLANG_WARN_INT_CONVERSION = YES;
				CLANG_WARN_NON_LITERAL_NULL_CONVERSION = YES;
				CLANG_WARN_OBJC_IMPLICIT_RETAIN_SELF = YES;
				CLANG_WARN_OBJC_LITERAL_CONVERSION = YES;
				CLANG_WARN_OBJC_ROOT_CLASS = YES_ERROR;
				CLANG_WARN_QUOTED_INCLUDE_IN_FRAMEWORK_HEADER = YES;
				CLANG_WARN_RANGE_LOOP_ANALYSIS = YES;
				CLANG_WARN_STRICT_PROTOTYPES = YES;
				CLANG_WARN_SUSPICIOUS_MOVE = YES;
				CLANG_WARN_UNGUARDED_AVAILABILITY = YES_AGGRESSIVE;
				CLANG_WARN_UNREACHABLE_CODE = YES;
				CLANG_WARN__DUPLICATE_METHOD_MATCH = YES;
				COPY_PHASE_STRIP = NO;
				DEBUG_INFORMATION_FORMAT = "dwarf-with-dsym";
				ENABLE_NS_ASSERTIONS = NO;
				ENABLE_STRICT_OBJC_MSGSEND = YES;
				GCC_C_LANGUAGE_STANDARD = gnu11;
				GCC_NO_COMMON_BLOCKS = YES;
				GCC_WARN_64_TO_32_BIT_CONVERSION = YES;
				GCC_WARN_ABOUT_RETURN_TYPE = YES_ERROR;
				GCC_WARN_UNDECLARED_SELECTOR = YES;
				GCC_WARN_UNINITIALIZED_AUTOS = YES_AGGRESSIVE;
				GCC_WARN_UNUSED_FUNCTION = YES;
				GCC_WARN_UNUSED_VARIABLE = YES;
				IPHONEOS_DEPLOYMENT_TARGET = 16.2;
				MTL_ENABLE_DEBUG_INFO = NO;
				MTL_FAST_MATH = YES;
				SDKROOT = iphoneos;
				SWIFT_COMPILATION_MODE = wholemodule;
				SWIFT_OPTIMIZATION_LEVEL = "-O";
				VALIDATE_PRODUCT = YES;
			};
			name = Release;
		};
		065EB47F29F2A68B00B3EE16 /* Debug */ = {
			isa = XCBuildConfiguration;
			buildSettings = {
				ASSETCATALOG_COMPILER_APPICON_NAME = AppIcon;
				ASSETCATALOG_COMPILER_GLOBAL_ACCENT_COLOR_NAME = AccentColor;
				CODE_SIGN_STYLE = Automatic;
				CURRENT_PROJECT_VERSION = 1;
				GENERATE_INFOPLIST_FILE = YES;
				INFOPLIST_FILE = "Core Data 2/Info.plist";
				INFOPLIST_KEY_UIApplicationSupportsIndirectInputEvents = YES;
				INFOPLIST_KEY_UILaunchStoryboardName = LaunchScreen;
				INFOPLIST_KEY_UIMainStoryboardFile = Main;
				INFOPLIST_KEY_UISupportedInterfaceOrientations_iPad = "UIInterfaceOrientationPortrait UIInterfaceOrientationPortraitUpsideDown UIInterfaceOrientationLandscapeLeft UIInterfaceOrientationLandscapeRight";
				INFOPLIST_KEY_UISupportedInterfaceOrientations_iPhone = "UIInterfaceOrientationPortrait UIInterfaceOrientationLandscapeLeft UIInterfaceOrientationLandscapeRight";
				LD_RUNPATH_SEARCH_PATHS = (
					"$(inherited)",
					"@executable_path/Frameworks",
				);
				MARKETING_VERSION = 1.0;
				PRODUCT_BUNDLE_IDENTIFIER = "com.simsek.haci.Core-Data-2";
				PRODUCT_NAME = "$(TARGET_NAME)";
				SWIFT_EMIT_LOC_STRINGS = YES;
				SWIFT_VERSION = 5.0;
				TARGETED_DEVICE_FAMILY = "1,2";
			};
			name = Debug;
		};
		065EB48029F2A68B00B3EE16 /* Release */ = {
			isa = XCBuildConfiguration;
			buildSettings = {
				ASSETCATALOG_COMPILER_APPICON_NAME = AppIcon;
				ASSETCATALOG_COMPILER_GLOBAL_ACCENT_COLOR_NAME = AccentColor;
				CODE_SIGN_STYLE = Automatic;
				CURRENT_PROJECT_VERSION = 1;
				GENERATE_INFOPLIST_FILE = YES;
				INFOPLIST_FILE = "Core Data 2/Info.plist";
				INFOPLIST_KEY_UIApplicationSupportsIndirectInputEvents = YES;
				INFOPLIST_KEY_UILaunchStoryboardName = LaunchScreen;
				INFOPLIST_KEY_UIMainStoryboardFile = Main;
				INFOPLIST_KEY_UISupportedInterfaceOrientations_iPad = "UIInterfaceOrientationPortrait UIInterfaceOrientationPortraitUpsideDown UIInterfaceOrientationLandscapeLeft UIInterfaceOrientationLandscapeRight";
				INFOPLIST_KEY_UISupportedInterfaceOrientations_iPhone = "UIInterfaceOrientationPortrait UIInterfaceOrientationLandscapeLeft UIInterfaceOrientationLandscapeRight";
				LD_RUNPATH_SEARCH_PATHS = (
					"$(inherited)",
					"@executable_path/Frameworks",
				);
				MARKETING_VERSION = 1.0;
				PRODUCT_BUNDLE_IDENTIFIER = "com.simsek.haci.Core-Data-2";
				PRODUCT_NAME = "$(TARGET_NAME)";
				SWIFT_EMIT_LOC_STRINGS = YES;
				SWIFT_VERSION = 5.0;
				TARGETED_DEVICE_FAMILY = "1,2";
			};
			name = Release;
		};
/* End XCBuildConfiguration section */

/* Begin XCConfigurationList section */
		065EB46229F2A68A00B3EE16 /* Build configuration list for PBXProject "Core Data 2" */ = {
			isa = XCConfigurationList;
			buildConfigurations = (
				065EB47C29F2A68B00B3EE16 /* Debug */,
				065EB47D29F2A68B00B3EE16 /* Release */,
			);
			defaultConfigurationIsVisible = 0;
			defaultConfigurationName = Release;
		};
		065EB47E29F2A68B00B3EE16 /* Build configuration list for PBXNativeTarget "Core Data 2" */ = {
			isa = XCConfigurationList;
			buildConfigurations = (
				065EB47F29F2A68B00B3EE16 /* Debug */,
				065EB48029F2A68B00B3EE16 /* Release */,
			);
			defaultConfigurationIsVisible = 0;
			defaultConfigurationName = Release;
		};
/* End XCConfigurationList section */

/* Begin XCVersionGroup section */
		065EB47329F2A68A00B3EE16 /* Core_Data_2.xcdatamodeld */ = {
			isa = XCVersionGroup;
			children = (
				065EB47429F2A68A00B3EE16 /* Core_Data_2.xcdatamodel */,
			);
			currentVersion = 065EB47429F2A68A00B3EE16 /* Core_Data_2.xcdatamodel */;
			path = Core_Data_2.xcdatamodeld;
			sourceTree = "<group>";
			versionGroupType = wrapper.xcdatamodel;
		};
/* End XCVersionGroup section */
	};
	rootObject = 065EB45F29F2A68A00B3EE16 /* Project object */;
}
