// !$*UTF8*$!
{
	archiveVersion = 1;
	classes = {
	};
	objectVersion = 56;
	objects = {

/* Begin PBXBuildFile section */
		06FEB19829E2FCF9006B372F /* AppDelegate.swift in Sources */ = {isa = PBXBuildFile; fileRef = 06FEB19729E2FCF9006B372F /* AppDelegate.swift */; };
		06FEB19A29E2FCF9006B372F /* SceneDelegate.swift in Sources */ = {isa = PBXBuildFile; fileRef = 06FEB19929E2FCF9006B372F /* SceneDelegate.swift */; };
		06FEB19C29E2FCF9006B372F /* ViewController.swift in Sources */ = {isa = PBXBuildFile; fileRef = 06FEB19B29E2FCF9006B372F /* ViewController.swift */; };
		06FEB19F29E2FCF9006B372F /* Main.storyboard in Resources */ = {isa = PBXBuildFile; fileRef = 06FEB19D29E2FCF9006B372F /* Main.storyboard */; };
		06FEB1A129E2FCF9006B372F /* Assets.xcassets in Resources */ = {isa = PBXBuildFile; fileRef = 06FEB1A029E2FCF9006B372F /* Assets.xcassets */; };
		06FEB1A429E2FCF9006B372F /* LaunchScreen.storyboard in Resources */ = {isa = PBXBuildFile; fileRef = 06FEB1A229E2FCF9006B372F /* LaunchScreen.storyboard */; };
		06FEB1AD29E2FD53006B372F /* Alamofire in Frameworks */ = {isa = PBXBuildFile; productRef = 06FEB1AC29E2FD53006B372F /* Alamofire */; };
		06FEB1AF29E2FFFF006B372F /* ProductTableViewCell.swift in Sources */ = {isa = PBXBuildFile; fileRef = 06FEB1AE29E2FFFF006B372F /* ProductTableViewCell.swift */; };
		06FEB1B429E32039006B372F /* Artists.swift in Sources */ = {isa = PBXBuildFile; fileRef = 06FEB1B329E32039006B372F /* Artists.swift */; };
		06FEB1B729E327FE006B372F /* AlamofireImage in Frameworks */ = {isa = PBXBuildFile; productRef = 06FEB1B629E327FE006B372F /* AlamofireImage */; };
		06FEB1B929E32EB6006B372F /* UInit + Extension.swift in Sources */ = {isa = PBXBuildFile; fileRef = 06FEB1B829E32EB6006B372F /* UInit + Extension.swift */; };
/* End PBXBuildFile section */

/* Begin PBXFileReference section */
		06FEB19429E2FCF8006B372F /* Crud Operation With Alamofire.app */ = {isa = PBXFileReference; explicitFileType = wrapper.application; includeInIndex = 0; path = "Crud Operation With Alamofire.app"; sourceTree = BUILT_PRODUCTS_DIR; };
		06FEB19729E2FCF9006B372F /* AppDelegate.swift */ = {isa = PBXFileReference; lastKnownFileType = sourcecode.swift; path = AppDelegate.swift; sourceTree = "<group>"; };
		06FEB19929E2FCF9006B372F /* SceneDelegate.swift */ = {isa = PBXFileReference; lastKnownFileType = sourcecode.swift; path = SceneDelegate.swift; sourceTree = "<group>"; };
		06FEB19B29E2FCF9006B372F /* ViewController.swift */ = {isa = PBXFileReference; lastKnownFileType = sourcecode.swift; path = ViewController.swift; sourceTree = "<group>"; };
		06FEB19E29E2FCF9006B372F /* Base */ = {isa = PBXFileReference; lastKnownFileType = file.storyboard; name = Base; path = Base.lproj/Main.storyboard; sourceTree = "<group>"; };
		06FEB1A029E2FCF9006B372F /* Assets.xcassets */ = {isa = PBXFileReference; lastKnownFileType = folder.assetcatalog; path = Assets.xcassets; sourceTree = "<group>"; };
		06FEB1A329E2FCF9006B372F /* Base */ = {isa = PBXFileReference; lastKnownFileType = file.storyboard; name = Base; path = Base.lproj/LaunchScreen.storyboard; sourceTree = "<group>"; };
		06FEB1A529E2FCF9006B372F /* Info.plist */ = {isa = PBXFileReference; lastKnownFileType = text.plist.xml; path = Info.plist; sourceTree = "<group>"; };
		06FEB1AE29E2FFFF006B372F /* ProductTableViewCell.swift */ = {isa = PBXFileReference; lastKnownFileType = sourcecode.swift; path = ProductTableViewCell.swift; sourceTree = "<group>"; };
		06FEB1B329E32039006B372F /* Artists.swift */ = {isa = PBXFileReference; lastKnownFileType = sourcecode.swift; path = Artists.swift; sourceTree = "<group>"; };
		06FEB1B829E32EB6006B372F /* UInit + Extension.swift */ = {isa = PBXFileReference; lastKnownFileType = sourcecode.swift; path = "UInit + Extension.swift"; sourceTree = "<group>"; };
/* End PBXFileReference section */

/* Begin PBXFrameworksBuildPhase section */
		06FEB19129E2FCF8006B372F /* Frameworks */ = {
			isa = PBXFrameworksBuildPhase;
			buildActionMask = 2147483647;
			files = (
				06FEB1AD29E2FD53006B372F /* Alamofire in Frameworks */,
				06FEB1B729E327FE006B372F /* AlamofireImage in Frameworks */,
			);
			runOnlyForDeploymentPostprocessing = 0;
		};
/* End PBXFrameworksBuildPhase section */

/* Begin PBXGroup section */
		06FEB18B29E2FCF8006B372F = {
			isa = PBXGroup;
			children = (
				06FEB19629E2FCF8006B372F /* Crud Operation With Alamofire */,
				06FEB19529E2FCF8006B372F /* Products */,
			);
			sourceTree = "<group>";
		};
		06FEB19529E2FCF8006B372F /* Products */ = {
			isa = PBXGroup;
			children = (
				06FEB19429E2FCF8006B372F /* Crud Operation With Alamofire.app */,
			);
			name = Products;
			sourceTree = "<group>";
		};
		06FEB19629E2FCF8006B372F /* Crud Operation With Alamofire */ = {
			isa = PBXGroup;
			children = (
				06FEB19729E2FCF9006B372F /* AppDelegate.swift */,
				06FEB19929E2FCF9006B372F /* SceneDelegate.swift */,
				06FEB19B29E2FCF9006B372F /* ViewController.swift */,
				06FEB19D29E2FCF9006B372F /* Main.storyboard */,
				06FEB1A029E2FCF9006B372F /* Assets.xcassets */,
				06FEB1A229E2FCF9006B372F /* LaunchScreen.storyboard */,
				06FEB1A529E2FCF9006B372F /* Info.plist */,
				06FEB1AE29E2FFFF006B372F /* ProductTableViewCell.swift */,
				06FEB1B329E32039006B372F /* Artists.swift */,
				06FEB1B829E32EB6006B372F /* UInit + Extension.swift */,
			);
			path = "Crud Operation With Alamofire";
			sourceTree = "<group>";
		};
/* End PBXGroup section */

/* Begin PBXNativeTarget section */
		06FEB19329E2FCF8006B372F /* Crud Operation With Alamofire */ = {
			isa = PBXNativeTarget;
			buildConfigurationList = 06FEB1A829E2FCF9006B372F /* Build configuration list for PBXNativeTarget "Crud Operation With Alamofire" */;
			buildPhases = (
				06FEB19029E2FCF8006B372F /* Sources */,
				06FEB19129E2FCF8006B372F /* Frameworks */,
				06FEB19229E2FCF8006B372F /* Resources */,
			);
			buildRules = (
			);
			dependencies = (
			);
			name = "Crud Operation With Alamofire";
			packageProductDependencies = (
				06FEB1AC29E2FD53006B372F /* Alamofire */,
				06FEB1B629E327FE006B372F /* AlamofireImage */,
			);
			productName = "Crud Operation With Alamofire";
			productReference = 06FEB19429E2FCF8006B372F /* Crud Operation With Alamofire.app */;
			productType = "com.apple.product-type.application";
		};
/* End PBXNativeTarget section */

/* Begin PBXProject section */
		06FEB18C29E2FCF8006B372F /* Project object */ = {
			isa = PBXProject;
			attributes = {
				BuildIndependentTargetsInParallel = 1;
				LastSwiftUpdateCheck = 1420;
				LastUpgradeCheck = 1420;
				TargetAttributes = {
					06FEB19329E2FCF8006B372F = {
						CreatedOnToolsVersion = 14.2;
					};
				};
			};
			buildConfigurationList = 06FEB18F29E2FCF8006B372F /* Build configuration list for PBXProject "Crud Operation With Alamofire" */;
			compatibilityVersion = "Xcode 14.0";
			developmentRegion = en;
			hasScannedForEncodings = 0;
			knownRegions = (
				en,
				Base,
			);
			mainGroup = 06FEB18B29E2FCF8006B372F;
			packageReferences = (
				06FEB1AB29E2FD53006B372F /* XCRemoteSwiftPackageReference "Alamofire" */,
				06FEB1B529E327FE006B372F /* XCRemoteSwiftPackageReference "AlamofireImage" */,
			);
			productRefGroup = 06FEB19529E2FCF8006B372F /* Products */;
			projectDirPath = "";
			projectRoot = "";
			targets = (
				06FEB19329E2FCF8006B372F /* Crud Operation With Alamofire */,
			);
		};
/* End PBXProject section */

/* Begin PBXResourcesBuildPhase section */
		06FEB19229E2FCF8006B372F /* Resources */ = {
			isa = PBXResourcesBuildPhase;
			buildActionMask = 2147483647;
			files = (
				06FEB1A429E2FCF9006B372F /* LaunchScreen.storyboard in Resources */,
				06FEB1A129E2FCF9006B372F /* Assets.xcassets in Resources */,
				06FEB19F29E2FCF9006B372F /* Main.storyboard in Resources */,
			);
			runOnlyForDeploymentPostprocessing = 0;
		};
/* End PBXResourcesBuildPhase section */

/* Begin PBXSourcesBuildPhase section */
		06FEB19029E2FCF8006B372F /* Sources */ = {
			isa = PBXSourcesBuildPhase;
			buildActionMask = 2147483647;
			files = (
				06FEB19C29E2FCF9006B372F /* ViewController.swift in Sources */,
				06FEB1AF29E2FFFF006B372F /* ProductTableViewCell.swift in Sources */,
				06FEB1B429E32039006B372F /* Artists.swift in Sources */,
				06FEB19829E2FCF9006B372F /* AppDelegate.swift in Sources */,
				06FEB19A29E2FCF9006B372F /* SceneDelegate.swift in Sources */,
				06FEB1B929E32EB6006B372F /* UInit + Extension.swift in Sources */,
			);
			runOnlyForDeploymentPostprocessing = 0;
		};
/* End PBXSourcesBuildPhase section */

/* Begin PBXVariantGroup section */
		06FEB19D29E2FCF9006B372F /* Main.storyboard */ = {
			isa = PBXVariantGroup;
			children = (
				06FEB19E29E2FCF9006B372F /* Base */,
			);
			name = Main.storyboard;
			sourceTree = "<group>";
		};
		06FEB1A229E2FCF9006B372F /* LaunchScreen.storyboard */ = {
			isa = PBXVariantGroup;
			children = (
				06FEB1A329E2FCF9006B372F /* Base */,
			);
			name = LaunchScreen.storyboard;
			sourceTree = "<group>";
		};
/* End PBXVariantGroup section */

/* Begin XCBuildConfiguration section */
		06FEB1A629E2FCF9006B372F /* Debug */ = {
			isa = XCBuildConfiguration;
			buildSettings = {
				ALWAYS_SEARCH_USER_PATHS = NO;
				CLANG_ANALYZER_NONNULL = YES;
				CLANG_ANALYZER_NUMBER_OBJECT_CONVERSION = YES_AGGRESSIVE;
				CLANG_CXX_LANGUAGE_STANDARD = "gnu++20";
				CLANG_ENABLE_MODULES = YES;
				CLANG_ENABLE_OBJC_ARC = YES;
				CLANG_ENABLE_OBJC_WEAK = YES;
				CLANG_WARN_BLOCK_CAPTURE_AUTORELEASING = YES;
				CLANG_WARN_BOOL_CONVERSION = YES;
				CLANG_WARN_COMMA = YES;
				CLANG_WARN_CONSTANT_CONVERSION = YES;
				CLANG_WARN_DEPRECATED_OBJC_IMPLEMENTATIONS = YES;
				CLANG_WARN_DIRECT_OBJC_ISA_USAGE = YES_ERROR;
				CLANG_WARN_DOCUMENTATION_COMMENTS = YES;
				CLANG_WARN_EMPTY_BODY = YES;
				CLANG_WARN_ENUM_CONVERSION = YES;
				CLANG_WARN_INFINITE_RECURSION = YES;
				CLANG_WARN_INT_CONVERSION = YES;
				CLANG_WARN_NON_LITERAL_NULL_CONVERSION = YES;
				CLANG_WARN_OBJC_IMPLICIT_RETAIN_SELF = YES;
				CLANG_WARN_OBJC_LITERAL_CONVERSION = YES;
				CLANG_WARN_OBJC_ROOT_CLASS = YES_ERROR;
				CLANG_WARN_QUOTED_INCLUDE_IN_FRAMEWORK_HEADER = YES;
				CLANG_WARN_RANGE_LOOP_ANALYSIS = YES;
				CLANG_WARN_STRICT_PROTOTYPES = YES;
				CLANG_WARN_SUSPICIOUS_MOVE = YES;
				CLANG_WARN_UNGUARDED_AVAILABILITY = YES_AGGRESSIVE;
				CLANG_WARN_UNREACHABLE_CODE = YES;
				CLANG_WARN__DUPLICATE_METHOD_MATCH = YES;
				COPY_PHASE_STRIP = NO;
				DEBUG_INFORMATION_FORMAT = dwarf;
				ENABLE_STRICT_OBJC_MSGSEND = YES;
				ENABLE_TESTABILITY = YES;
				GCC_C_LANGUAGE_STANDARD = gnu11;
				GCC_DYNAMIC_NO_PIC = NO;
				GCC_NO_COMMON_BLOCKS = YES;
				GCC_OPTIMIZATION_LEVEL = 0;
				GCC_PREPROCESSOR_DEFINITIONS = (
					"DEBUG=1",
					"$(inherited)",
				);
				GCC_WARN_64_TO_32_BIT_CONVERSION = YES;
				GCC_WARN_ABOUT_RETURN_TYPE = YES_ERROR;
				GCC_WARN_UNDECLARED_SELECTOR = YES;
				GCC_WARN_UNINITIALIZED_AUTOS = YES_AGGRESSIVE;
				GCC_WARN_UNUSED_FUNCTION = YES;
				GCC_WARN_UNUSED_VARIABLE = YES;
				IPHONEOS_DEPLOYMENT_TARGET = 16.2;
				MTL_ENABLE_DEBUG_INFO = INCLUDE_SOURCE;
				MTL_FAST_MATH = YES;
				ONLY_ACTIVE_ARCH = YES;
				SDKROOT = iphoneos;
				SWIFT_ACTIVE_COMPILATION_CONDITIONS = DEBUG;
				SWIFT_OPTIMIZATION_LEVEL = "-Onone";
			};
			name = Debug;
		};
		06FEB1A729E2FCF9006B372F /* Release */ = {
			isa = XCBuildConfiguration;
			buildSettings = {
				ALWAYS_SEARCH_USER_PATHS = NO;
				CLANG_ANALYZER_NONNULL = YES;
				CLANG_ANALYZER_NUMBER_OBJECT_CONVERSION = YES_AGGRESSIVE;
				CLANG_CXX_LANGUAGE_STANDARD = "gnu++20";
				CLANG_ENABLE_MODULES = YES;
				CLANG_ENABLE_OBJC_ARC = YES;
				CLANG_ENABLE_OBJC_WEAK = YES;
				CLANG_WARN_BLOCK_CAPTURE_AUTORELEASING = YES;
				CLANG_WARN_BOOL_CONVERSION = YES;
				CLANG_WARN_COMMA = YES;
				CLANG_WARN_CONSTANT_CONVERSION = YES;
				CLANG_WARN_DEPRECATED_OBJC_IMPLEMENTATIONS = YES;
				CLANG_WARN_DIRECT_OBJC_ISA_USAGE = YES_ERROR;
				CLANG_WARN_DOCUMENTATION_COMMENTS = YES;
				CLANG_WARN_EMPTY_BODY = YES;
				CLANG_WARN_ENUM_CONVERSION = YES;
				CLANG_WARN_INFINITE_RECURSION = YES;
				CLANG_WARN_INT_CONVERSION = YES;
				CLANG_WARN_NON_LITERAL_NULL_CONVERSION = YES;
				CLANG_WARN_OBJC_IMPLICIT_RETAIN_SELF = YES;
				CLANG_WARN_OBJC_LITERAL_CONVERSION = YES;
				CLANG_WARN_OBJC_ROOT_CLASS = YES_ERROR;
				CLANG_WARN_QUOTED_INCLUDE_IN_FRAMEWORK_HEADER = YES;
				CLANG_WARN_RANGE_LOOP_ANALYSIS = YES;
				CLANG_WARN_STRICT_PROTOTYPES = YES;
				CLANG_WARN_SUSPICIOUS_MOVE = YES;
				CLANG_WARN_UNGUARDED_AVAILABILITY = YES_AGGRESSIVE;
				CLANG_WARN_UNREACHABLE_CODE = YES;
				CLANG_WARN__DUPLICATE_METHOD_MATCH = YES;
				COPY_PHASE_STRIP = NO;
				DEBUG_INFORMATION_FORMAT = "dwarf-with-dsym";
				ENABLE_NS_ASSERTIONS = NO;
				ENABLE_STRICT_OBJC_MSGSEND = YES;
				GCC_C_LANGUAGE_STANDARD = gnu11;
				GCC_NO_COMMON_BLOCKS = YES;
				GCC_WARN_64_TO_32_BIT_CONVERSION = YES;
				GCC_WARN_ABOUT_RETURN_TYPE = YES_ERROR;
				GCC_WARN_UNDECLARED_SELECTOR = YES;
				GCC_WARN_UNINITIALIZED_AUTOS = YES_AGGRESSIVE;
				GCC_WARN_UNUSED_FUNCTION = YES;
				GCC_WARN_UNUSED_VARIABLE = YES;
				IPHONEOS_DEPLOYMENT_TARGET = 16.2;
				MTL_ENABLE_DEBUG_INFO = NO;
				MTL_FAST_MATH = YES;
				SDKROOT = iphoneos;
				SWIFT_COMPILATION_MODE = wholemodule;
				SWIFT_OPTIMIZATION_LEVEL = "-O";
				VALIDATE_PRODUCT = YES;
			};
			name = Release;
		};
		06FEB1A929E2FCF9006B372F /* Debug */ = {
			isa = XCBuildConfiguration;
			buildSettings = {
				ASSETCATALOG_COMPILER_APPICON_NAME = AppIcon;
				ASSETCATALOG_COMPILER_GLOBAL_ACCENT_COLOR_NAME = AccentColor;
				CODE_SIGN_STYLE = Automatic;
				CURRENT_PROJECT_VERSION = 1;
				GENERATE_INFOPLIST_FILE = YES;
				INFOPLIST_FILE = "Crud Operation With Alamofire/Info.plist";
				INFOPLIST_KEY_UIApplicationSupportsIndirectInputEvents = YES;
				INFOPLIST_KEY_UILaunchStoryboardName = LaunchScreen;
				INFOPLIST_KEY_UIMainStoryboardFile = Main;
				INFOPLIST_KEY_UISupportedInterfaceOrientations_iPad = "UIInterfaceOrientationPortrait UIInterfaceOrientationPortraitUpsideDown UIInterfaceOrientationLandscapeLeft UIInterfaceOrientationLandscapeRight";
				INFOPLIST_KEY_UISupportedInterfaceOrientations_iPhone = "UIInterfaceOrientationPortrait UIInterfaceOrientationLandscapeLeft UIInterfaceOrientationLandscapeRight";
				LD_RUNPATH_SEARCH_PATHS = (
					"$(inherited)",
					"@executable_path/Frameworks",
				);
				MARKETING_VERSION = 1.0;
				PRODUCT_BUNDLE_IDENTIFIER = "com.simsek.haci.Crud-Operation-With-Alamofire";
				PRODUCT_NAME = "$(TARGET_NAME)";
				SWIFT_EMIT_LOC_STRINGS = YES;
				SWIFT_VERSION = 5.0;
				TARGETED_DEVICE_FAMILY = "1,2";
			};
			name = Debug;
		};
		06FEB1AA29E2FCF9006B372F /* Release */ = {
			isa = XCBuildConfiguration;
			buildSettings = {
				ASSETCATALOG_COMPILER_APPICON_NAME = AppIcon;
				ASSETCATALOG_COMPILER_GLOBAL_ACCENT_COLOR_NAME = AccentColor;
				CODE_SIGN_STYLE = Automatic;
				CURRENT_PROJECT_VERSION = 1;
				GENERATE_INFOPLIST_FILE = YES;
				INFOPLIST_FILE = "Crud Operation With Alamofire/Info.plist";
				INFOPLIST_KEY_UIApplicationSupportsIndirectInputEvents = YES;
				INFOPLIST_KEY_UILaunchStoryboardName = LaunchScreen;
				INFOPLIST_KEY_UIMainStoryboardFile = Main;
				INFOPLIST_KEY_UISupportedInterfaceOrientations_iPad = "UIInterfaceOrientationPortrait UIInterfaceOrientationPortraitUpsideDown UIInterfaceOrientationLandscapeLeft UIInterfaceOrientationLandscapeRight";
				INFOPLIST_KEY_UISupportedInterfaceOrientations_iPhone = "UIInterfaceOrientationPortrait UIInterfaceOrientationLandscapeLeft UIInterfaceOrientationLandscapeRight";
				LD_RUNPATH_SEARCH_PATHS = (
					"$(inherited)",
					"@executable_path/Frameworks",
				);
				MARKETING_VERSION = 1.0;
				PRODUCT_BUNDLE_IDENTIFIER = "com.simsek.haci.Crud-Operation-With-Alamofire";
				PRODUCT_NAME = "$(TARGET_NAME)";
				SWIFT_EMIT_LOC_STRINGS = YES;
				SWIFT_VERSION = 5.0;
				TARGETED_DEVICE_FAMILY = "1,2";
			};
			name = Release;
		};
/* End XCBuildConfiguration section */

/* Begin XCConfigurationList section */
		06FEB18F29E2FCF8006B372F /* Build configuration list for PBXProject "Crud Operation With Alamofire" */ = {
			isa = XCConfigurationList;
			buildConfigurations = (
				06FEB1A629E2FCF9006B372F /* Debug */,
				06FEB1A729E2FCF9006B372F /* Release */,
			);
			defaultConfigurationIsVisible = 0;
			defaultConfigurationName = Release;
		};
		06FEB1A829E2FCF9006B372F /* Build configuration list for PBXNativeTarget "Crud Operation With Alamofire" */ = {
			isa = XCConfigurationList;
			buildConfigurations = (
				06FEB1A929E2FCF9006B372F /* Debug */,
				06FEB1AA29E2FCF9006B372F /* Release */,
			);
			defaultConfigurationIsVisible = 0;
			defaultConfigurationName = Release;
		};
/* End XCConfigurationList section */

/* Begin XCRemoteSwiftPackageReference section */
		06FEB1AB29E2FD53006B372F /* XCRemoteSwiftPackageReference "Alamofire" */ = {
			isa = XCRemoteSwiftPackageReference;
			repositoryURL = "https://github.com/Alamofire/Alamofire";
			requirement = {
				kind = upToNextMajorVersion;
				minimumVersion = 5.0.0;
			};
		};
		06FEB1B529E327FE006B372F /* XCRemoteSwiftPackageReference "AlamofireImage" */ = {
			isa = XCRemoteSwiftPackageReference;
			repositoryURL = "https://github.com/Alamofire/AlamofireImage";
			requirement = {
				kind = upToNextMajorVersion;
				minimumVersion = 4.0.0;
			};
		};
/* End XCRemoteSwiftPackageReference section */

/* Begin XCSwiftPackageProductDependency section */
		06FEB1AC29E2FD53006B372F /* Alamofire */ = {
			isa = XCSwiftPackageProductDependency;
			package = 06FEB1AB29E2FD53006B372F /* XCRemoteSwiftPackageReference "Alamofire" */;
			productName = Alamofire;
		};
		06FEB1B629E327FE006B372F /* AlamofireImage */ = {
			isa = XCSwiftPackageProductDependency;
			package = 06FEB1B529E327FE006B372F /* XCRemoteSwiftPackageReference "AlamofireImage" */;
			productName = AlamofireImage;
		};
/* End XCSwiftPackageProductDependency section */
	};
	rootObject = 06FEB18C29E2FCF8006B372F /* Project object */;
}
