// !$*UTF8*$!
{
	archiveVersion = 1;
	classes = {
	};
	objectVersion = 56;
	objects = {

/* Begin PBXBuildFile section */
		0697F7B9295B4DE400DA427F /* AppDelegate.swift in Sources */ = {isa = PBXBuildFile; fileRef = 0697F7B8295B4DE400DA427F /* AppDelegate.swift */; };
		0697F7BB295B4DE400DA427F /* SceneDelegate.swift in Sources */ = {isa = PBXBuildFile; fileRef = 0697F7BA295B4DE400DA427F /* SceneDelegate.swift */; };
		0697F7BD295B4DE400DA427F /* ViewController.swift in Sources */ = {isa = PBXBuildFile; fileRef = 0697F7BC295B4DE400DA427F /* ViewController.swift */; };
		0697F7C0295B4DE400DA427F /* Main.storyboard in Resources */ = {isa = PBXBuildFile; fileRef = 0697F7BE295B4DE400DA427F /* Main.storyboard */; };
		0697F7C2295B4DE500DA427F /* Assets.xcassets in Resources */ = {isa = PBXBuildFile; fileRef = 0697F7C1295B4DE500DA427F /* Assets.xcassets */; };
		0697F7C5295B4DE500DA427F /* LaunchScreen.storyboard in Resources */ = {isa = PBXBuildFile; fileRef = 0697F7C3295B4DE500DA427F /* LaunchScreen.storyboard */; };
		0697F7D0295B4DE500DA427F /* CustomCellTableTests.swift in Sources */ = {isa = PBXBuildFile; fileRef = 0697F7CF295B4DE500DA427F /* CustomCellTableTests.swift */; };
		0697F7DA295B4DE500DA427F /* CustomCellTableUITests.swift in Sources */ = {isa = PBXBuildFile; fileRef = 0697F7D9295B4DE500DA427F /* CustomCellTableUITests.swift */; };
		0697F7DC295B4DE500DA427F /* CustomCellTableUITestsLaunchTests.swift in Sources */ = {isa = PBXBuildFile; fileRef = 0697F7DB295B4DE500DA427F /* CustomCellTableUITestsLaunchTests.swift */; };
		0697F7E9295B5B0700DA427F /* TableViewHucre.swift in Sources */ = {isa = PBXBuildFile; fileRef = 0697F7E8295B5B0700DA427F /* TableViewHucre.swift */; };
		0697F7EB295B5D6700DA427F /* Kisiler.swift in Sources */ = {isa = PBXBuildFile; fileRef = 0697F7EA295B5D6700DA427F /* Kisiler.swift */; };
/* End PBXBuildFile section */

/* Begin PBXContainerItemProxy section */
		0697F7CC295B4DE500DA427F /* PBXContainerItemProxy */ = {
			isa = PBXContainerItemProxy;
			containerPortal = 0697F7AD295B4DE400DA427F /* Project object */;
			proxyType = 1;
			remoteGlobalIDString = 0697F7B4295B4DE400DA427F;
			remoteInfo = CustomCellTable;
		};
		0697F7D6295B4DE500DA427F /* PBXContainerItemProxy */ = {
			isa = PBXContainerItemProxy;
			containerPortal = 0697F7AD295B4DE400DA427F /* Project object */;
			proxyType = 1;
			remoteGlobalIDString = 0697F7B4295B4DE400DA427F;
			remoteInfo = CustomCellTable;
		};
/* End PBXContainerItemProxy section */

/* Begin PBXFileReference section */
		0697F7B5295B4DE400DA427F /* CustomCellTable.app */ = {isa = PBXFileReference; explicitFileType = wrapper.application; includeInIndex = 0; path = CustomCellTable.app; sourceTree = BUILT_PRODUCTS_DIR; };
		0697F7B8295B4DE400DA427F /* AppDelegate.swift */ = {isa = PBXFileReference; lastKnownFileType = sourcecode.swift; path = AppDelegate.swift; sourceTree = "<group>"; };
		0697F7BA295B4DE400DA427F /* SceneDelegate.swift */ = {isa = PBXFileReference; lastKnownFileType = sourcecode.swift; path = SceneDelegate.swift; sourceTree = "<group>"; };
		0697F7BC295B4DE400DA427F /* ViewController.swift */ = {isa = PBXFileReference; lastKnownFileType = sourcecode.swift; path = ViewController.swift; sourceTree = "<group>"; };
		0697F7BF295B4DE400DA427F /* Base */ = {isa = PBXFileReference; lastKnownFileType = file.storyboard; name = Base; path = Base.lproj/Main.storyboard; sourceTree = "<group>"; };
		0697F7C1295B4DE500DA427F /* Assets.xcassets */ = {isa = PBXFileReference; lastKnownFileType = folder.assetcatalog; path = Assets.xcassets; sourceTree = "<group>"; };
		0697F7C4295B4DE500DA427F /* Base */ = {isa = PBXFileReference; lastKnownFileType = file.storyboard; name = Base; path = Base.lproj/LaunchScreen.storyboard; sourceTree = "<group>"; };
		0697F7C6295B4DE500DA427F /* Info.plist */ = {isa = PBXFileReference; lastKnownFileType = text.plist.xml; path = Info.plist; sourceTree = "<group>"; };
		0697F7CB295B4DE500DA427F /* CustomCellTableTests.xctest */ = {isa = PBXFileReference; explicitFileType = wrapper.cfbundle; includeInIndex = 0; path = CustomCellTableTests.xctest; sourceTree = BUILT_PRODUCTS_DIR; };
		0697F7CF295B4DE500DA427F /* CustomCellTableTests.swift */ = {isa = PBXFileReference; lastKnownFileType = sourcecode.swift; path = CustomCellTableTests.swift; sourceTree = "<group>"; };
		0697F7D5295B4DE500DA427F /* CustomCellTableUITests.xctest */ = {isa = PBXFileReference; explicitFileType = wrapper.cfbundle; includeInIndex = 0; path = CustomCellTableUITests.xctest; sourceTree = BUILT_PRODUCTS_DIR; };
		0697F7D9295B4DE500DA427F /* CustomCellTableUITests.swift */ = {isa = PBXFileReference; lastKnownFileType = sourcecode.swift; path = CustomCellTableUITests.swift; sourceTree = "<group>"; };
		0697F7DB295B4DE500DA427F /* CustomCellTableUITestsLaunchTests.swift */ = {isa = PBXFileReference; lastKnownFileType = sourcecode.swift; path = CustomCellTableUITestsLaunchTests.swift; sourceTree = "<group>"; };
		0697F7E8295B5B0700DA427F /* TableViewHucre.swift */ = {isa = PBXFileReference; lastKnownFileType = sourcecode.swift; path = TableViewHucre.swift; sourceTree = "<group>"; };
		0697F7EA295B5D6700DA427F /* Kisiler.swift */ = {isa = PBXFileReference; lastKnownFileType = sourcecode.swift; path = Kisiler.swift; sourceTree = "<group>"; };
/* End PBXFileReference section */

/* Begin PBXFrameworksBuildPhase section */
		0697F7B2295B4DE400DA427F /* Frameworks */ = {
			isa = PBXFrameworksBuildPhase;
			buildActionMask = 2147483647;
			files = (
			);
			runOnlyForDeploymentPostprocessing = 0;
		};
		0697F7C8295B4DE500DA427F /* Frameworks */ = {
			isa = PBXFrameworksBuildPhase;
			buildActionMask = 2147483647;
			files = (
			);
			runOnlyForDeploymentPostprocessing = 0;
		};
		0697F7D2295B4DE500DA427F /* Frameworks */ = {
			isa = PBXFrameworksBuildPhase;
			buildActionMask = 2147483647;
			files = (
			);
			runOnlyForDeploymentPostprocessing = 0;
		};
/* End PBXFrameworksBuildPhase section */

/* Begin PBXGroup section */
		0697F7AC295B4DE400DA427F = {
			isa = PBXGroup;
			children = (
				0697F7B7295B4DE400DA427F /* CustomCellTable */,
				0697F7CE295B4DE500DA427F /* CustomCellTableTests */,
				0697F7D8295B4DE500DA427F /* CustomCellTableUITests */,
				0697F7B6295B4DE400DA427F /* Products */,
			);
			sourceTree = "<group>";
		};
		0697F7B6295B4DE400DA427F /* Products */ = {
			isa = PBXGroup;
			children = (
				0697F7B5295B4DE400DA427F /* CustomCellTable.app */,
				0697F7CB295B4DE500DA427F /* CustomCellTableTests.xctest */,
				0697F7D5295B4DE500DA427F /* CustomCellTableUITests.xctest */,
			);
			name = Products;
			sourceTree = "<group>";
		};
		0697F7B7295B4DE400DA427F /* CustomCellTable */ = {
			isa = PBXGroup;
			children = (
				0697F7B8295B4DE400DA427F /* AppDelegate.swift */,
				0697F7BA295B4DE400DA427F /* SceneDelegate.swift */,
				0697F7BC295B4DE400DA427F /* ViewController.swift */,
				0697F7BE295B4DE400DA427F /* Main.storyboard */,
				0697F7C1295B4DE500DA427F /* Assets.xcassets */,
				0697F7C3295B4DE500DA427F /* LaunchScreen.storyboard */,
				0697F7C6295B4DE500DA427F /* Info.plist */,
				0697F7E8295B5B0700DA427F /* TableViewHucre.swift */,
				0697F7EA295B5D6700DA427F /* Kisiler.swift */,
			);
			path = CustomCellTable;
			sourceTree = "<group>";
		};
		0697F7CE295B4DE500DA427F /* CustomCellTableTests */ = {
			isa = PBXGroup;
			children = (
				0697F7CF295B4DE500DA427F /* CustomCellTableTests.swift */,
			);
			path = CustomCellTableTests;
			sourceTree = "<group>";
		};
		0697F7D8295B4DE500DA427F /* CustomCellTableUITests */ = {
			isa = PBXGroup;
			children = (
				0697F7D9295B4DE500DA427F /* CustomCellTableUITests.swift */,
				0697F7DB295B4DE500DA427F /* CustomCellTableUITestsLaunchTests.swift */,
			);
			path = CustomCellTableUITests;
			sourceTree = "<group>";
		};
/* End PBXGroup section */

/* Begin PBXNativeTarget section */
		0697F7B4295B4DE400DA427F /* CustomCellTable */ = {
			isa = PBXNativeTarget;
			buildConfigurationList = 0697F7DF295B4DE500DA427F /* Build configuration list for PBXNativeTarget "CustomCellTable" */;
			buildPhases = (
				0697F7B1295B4DE400DA427F /* Sources */,
				0697F7B2295B4DE400DA427F /* Frameworks */,
				0697F7B3295B4DE400DA427F /* Resources */,
			);
			buildRules = (
			);
			dependencies = (
			);
			name = CustomCellTable;
			productName = CustomCellTable;
			productReference = 0697F7B5295B4DE400DA427F /* CustomCellTable.app */;
			productType = "com.apple.product-type.application";
		};
		0697F7CA295B4DE500DA427F /* CustomCellTableTests */ = {
			isa = PBXNativeTarget;
			buildConfigurationList = 0697F7E2295B4DE500DA427F /* Build configuration list for PBXNativeTarget "CustomCellTableTests" */;
			buildPhases = (
				0697F7C7295B4DE500DA427F /* Sources */,
				0697F7C8295B4DE500DA427F /* Frameworks */,
				0697F7C9295B4DE500DA427F /* Resources */,
			);
			buildRules = (
			);
			dependencies = (
				0697F7CD295B4DE500DA427F /* PBXTargetDependency */,
			);
			name = CustomCellTableTests;
			productName = CustomCellTableTests;
			productReference = 0697F7CB295B4DE500DA427F /* CustomCellTableTests.xctest */;
			productType = "com.apple.product-type.bundle.unit-test";
		};
		0697F7D4295B4DE500DA427F /* CustomCellTableUITests */ = {
			isa = PBXNativeTarget;
			buildConfigurationList = 0697F7E5295B4DE500DA427F /* Build configuration list for PBXNativeTarget "CustomCellTableUITests" */;
			buildPhases = (
				0697F7D1295B4DE500DA427F /* Sources */,
				0697F7D2295B4DE500DA427F /* Frameworks */,
				0697F7D3295B4DE500DA427F /* Resources */,
			);
			buildRules = (
			);
			dependencies = (
				0697F7D7295B4DE500DA427F /* PBXTargetDependency */,
			);
			name = CustomCellTableUITests;
			productName = CustomCellTableUITests;
			productReference = 0697F7D5295B4DE500DA427F /* CustomCellTableUITests.xctest */;
			productType = "com.apple.product-type.bundle.ui-testing";
		};
/* End PBXNativeTarget section */

/* Begin PBXProject section */
		0697F7AD295B4DE400DA427F /* Project object */ = {
			isa = PBXProject;
			attributes = {
				BuildIndependentTargetsInParallel = 1;
				LastSwiftUpdateCheck = 1420;
				LastUpgradeCheck = 1420;
				TargetAttributes = {
					0697F7B4295B4DE400DA427F = {
						CreatedOnToolsVersion = 14.2;
					};
					0697F7CA295B4DE500DA427F = {
						CreatedOnToolsVersion = 14.2;
						TestTargetID = 0697F7B4295B4DE400DA427F;
					};
					0697F7D4295B4DE500DA427F = {
						CreatedOnToolsVersion = 14.2;
						TestTargetID = 0697F7B4295B4DE400DA427F;
					};
				};
			};
			buildConfigurationList = 0697F7B0295B4DE400DA427F /* Build configuration list for PBXProject "CustomCellTable" */;
			compatibilityVersion = "Xcode 14.0";
			developmentRegion = en;
			hasScannedForEncodings = 0;
			knownRegions = (
				en,
				Base,
			);
			mainGroup = 0697F7AC295B4DE400DA427F;
			productRefGroup = 0697F7B6295B4DE400DA427F /* Products */;
			projectDirPath = "";
			projectRoot = "";
			targets = (
				0697F7B4295B4DE400DA427F /* CustomCellTable */,
				0697F7CA295B4DE500DA427F /* CustomCellTableTests */,
				0697F7D4295B4DE500DA427F /* CustomCellTableUITests */,
			);
		};
/* End PBXProject section */

/* Begin PBXResourcesBuildPhase section */
		0697F7B3295B4DE400DA427F /* Resources */ = {
			isa = PBXResourcesBuildPhase;
			buildActionMask = 2147483647;
			files = (
				0697F7C5295B4DE500DA427F /* LaunchScreen.storyboard in Resources */,
				0697F7C2295B4DE500DA427F /* Assets.xcassets in Resources */,
				0697F7C0295B4DE400DA427F /* Main.storyboard in Resources */,
			);
			runOnlyForDeploymentPostprocessing = 0;
		};
		0697F7C9295B4DE500DA427F /* Resources */ = {
			isa = PBXResourcesBuildPhase;
			buildActionMask = 2147483647;
			files = (
			);
			runOnlyForDeploymentPostprocessing = 0;
		};
		0697F7D3295B4DE500DA427F /* Resources */ = {
			isa = PBXResourcesBuildPhase;
			buildActionMask = 2147483647;
			files = (
			);
			runOnlyForDeploymentPostprocessing = 0;
		};
/* End PBXResourcesBuildPhase section */

/* Begin PBXSourcesBuildPhase section */
		0697F7B1295B4DE400DA427F /* Sources */ = {
			isa = PBXSourcesBuildPhase;
			buildActionMask = 2147483647;
			files = (
				0697F7BD295B4DE400DA427F /* ViewController.swift in Sources */,
				0697F7E9295B5B0700DA427F /* TableViewHucre.swift in Sources */,
				0697F7B9295B4DE400DA427F /* AppDelegate.swift in Sources */,
				0697F7BB295B4DE400DA427F /* SceneDelegate.swift in Sources */,
				0697F7EB295B5D6700DA427F /* Kisiler.swift in Sources */,
			);
			runOnlyForDeploymentPostprocessing = 0;
		};
		0697F7C7295B4DE500DA427F /* Sources */ = {
			isa = PBXSourcesBuildPhase;
			buildActionMask = 2147483647;
			files = (
				0697F7D0295B4DE500DA427F /* CustomCellTableTests.swift in Sources */,
			);
			runOnlyForDeploymentPostprocessing = 0;
		};
		0697F7D1295B4DE500DA427F /* Sources */ = {
			isa = PBXSourcesBuildPhase;
			buildActionMask = 2147483647;
			files = (
				0697F7DC295B4DE500DA427F /* CustomCellTableUITestsLaunchTests.swift in Sources */,
				0697F7DA295B4DE500DA427F /* CustomCellTableUITests.swift in Sources */,
			);
			runOnlyForDeploymentPostprocessing = 0;
		};
/* End PBXSourcesBuildPhase section */

/* Begin PBXTargetDependency section */
		0697F7CD295B4DE500DA427F /* PBXTargetDependency */ = {
			isa = PBXTargetDependency;
			target = 0697F7B4295B4DE400DA427F /* CustomCellTable */;
			targetProxy = 0697F7CC295B4DE500DA427F /* PBXContainerItemProxy */;
		};
		0697F7D7295B4DE500DA427F /* PBXTargetDependency */ = {
			isa = PBXTargetDependency;
			target = 0697F7B4295B4DE400DA427F /* CustomCellTable */;
			targetProxy = 0697F7D6295B4DE500DA427F /* PBXContainerItemProxy */;
		};
/* End PBXTargetDependency section */

/* Begin PBXVariantGroup section */
		0697F7BE295B4DE400DA427F /* Main.storyboard */ = {
			isa = PBXVariantGroup;
			children = (
				0697F7BF295B4DE400DA427F /* Base */,
			);
			name = Main.storyboard;
			sourceTree = "<group>";
		};
		0697F7C3295B4DE500DA427F /* LaunchScreen.storyboard */ = {
			isa = PBXVariantGroup;
			children = (
				0697F7C4295B4DE500DA427F /* Base */,
			);
			name = LaunchScreen.storyboard;
			sourceTree = "<group>";
		};
/* End PBXVariantGroup section */

/* Begin XCBuildConfiguration section */
		0697F7DD295B4DE500DA427F /* Debug */ = {
			isa = XCBuildConfiguration;
			buildSettings = {
				ALWAYS_SEARCH_USER_PATHS = NO;
				CLANG_ANALYZER_NONNULL = YES;
				CLANG_ANALYZER_NUMBER_OBJECT_CONVERSION = YES_AGGRESSIVE;
				CLANG_CXX_LANGUAGE_STANDARD = "gnu++20";
				CLANG_ENABLE_MODULES = YES;
				CLANG_ENABLE_OBJC_ARC = YES;
				CLANG_ENABLE_OBJC_WEAK = YES;
				CLANG_WARN_BLOCK_CAPTURE_AUTORELEASING = YES;
				CLANG_WARN_BOOL_CONVERSION = YES;
				CLANG_WARN_COMMA = YES;
				CLANG_WARN_CONSTANT_CONVERSION = YES;
				CLANG_WARN_DEPRECATED_OBJC_IMPLEMENTATIONS = YES;
				CLANG_WARN_DIRECT_OBJC_ISA_USAGE = YES_ERROR;
				CLANG_WARN_DOCUMENTATION_COMMENTS = YES;
				CLANG_WARN_EMPTY_BODY = YES;
				CLANG_WARN_ENUM_CONVERSION = YES;
				CLANG_WARN_INFINITE_RECURSION = YES;
				CLANG_WARN_INT_CONVERSION = YES;
				CLANG_WARN_NON_LITERAL_NULL_CONVERSION = YES;
				CLANG_WARN_OBJC_IMPLICIT_RETAIN_SELF = YES;
				CLANG_WARN_OBJC_LITERAL_CONVERSION = YES;
				CLANG_WARN_OBJC_ROOT_CLASS = YES_ERROR;
				CLANG_WARN_QUOTED_INCLUDE_IN_FRAMEWORK_HEADER = YES;
				CLANG_WARN_RANGE_LOOP_ANALYSIS = YES;
				CLANG_WARN_STRICT_PROTOTYPES = YES;
				CLANG_WARN_SUSPICIOUS_MOVE = YES;
				CLANG_WARN_UNGUARDED_AVAILABILITY = YES_AGGRESSIVE;
				CLANG_WARN_UNREACHABLE_CODE = YES;
				CLANG_WARN__DUPLICATE_METHOD_MATCH = YES;
				COPY_PHASE_STRIP = NO;
				DEBUG_INFORMATION_FORMAT = dwarf;
				ENABLE_STRICT_OBJC_MSGSEND = YES;
				ENABLE_TESTABILITY = YES;
				GCC_C_LANGUAGE_STANDARD = gnu11;
				GCC_DYNAMIC_NO_PIC = NO;
				GCC_NO_COMMON_BLOCKS = YES;
				GCC_OPTIMIZATION_LEVEL = 0;
				GCC_PREPROCESSOR_DEFINITIONS = (
					"DEBUG=1",
					"$(inherited)",
				);
				GCC_WARN_64_TO_32_BIT_CONVERSION = YES;
				GCC_WARN_ABOUT_RETURN_TYPE = YES_ERROR;
				GCC_WARN_UNDECLARED_SELECTOR = YES;
				GCC_WARN_UNINITIALIZED_AUTOS = YES_AGGRESSIVE;
				GCC_WARN_UNUSED_FUNCTION = YES;
				GCC_WARN_UNUSED_VARIABLE = YES;
				IPHONEOS_DEPLOYMENT_TARGET = 16.2;
				MTL_ENABLE_DEBUG_INFO = INCLUDE_SOURCE;
				MTL_FAST_MATH = YES;
				ONLY_ACTIVE_ARCH = YES;
				SDKROOT = iphoneos;
				SWIFT_ACTIVE_COMPILATION_CONDITIONS = DEBUG;
				SWIFT_OPTIMIZATION_LEVEL = "-Onone";
			};
			name = Debug;
		};
		0697F7DE295B4DE500DA427F /* Release */ = {
			isa = XCBuildConfiguration;
			buildSettings = {
				ALWAYS_SEARCH_USER_PATHS = NO;
				CLANG_ANALYZER_NONNULL = YES;
				CLANG_ANALYZER_NUMBER_OBJECT_CONVERSION = YES_AGGRESSIVE;
				CLANG_CXX_LANGUAGE_STANDARD = "gnu++20";
				CLANG_ENABLE_MODULES = YES;
				CLANG_ENABLE_OBJC_ARC = YES;
				CLANG_ENABLE_OBJC_WEAK = YES;
				CLANG_WARN_BLOCK_CAPTURE_AUTORELEASING = YES;
				CLANG_WARN_BOOL_CONVERSION = YES;
				CLANG_WARN_COMMA = YES;
				CLANG_WARN_CONSTANT_CONVERSION = YES;
				CLANG_WARN_DEPRECATED_OBJC_IMPLEMENTATIONS = YES;
				CLANG_WARN_DIRECT_OBJC_ISA_USAGE = YES_ERROR;
				CLANG_WARN_DOCUMENTATION_COMMENTS = YES;
				CLANG_WARN_EMPTY_BODY = YES;
				CLANG_WARN_ENUM_CONVERSION = YES;
				CLANG_WARN_INFINITE_RECURSION = YES;
				CLANG_WARN_INT_CONVERSION = YES;
				CLANG_WARN_NON_LITERAL_NULL_CONVERSION = YES;
				CLANG_WARN_OBJC_IMPLICIT_RETAIN_SELF = YES;
				CLANG_WARN_OBJC_LITERAL_CONVERSION = YES;
				CLANG_WARN_OBJC_ROOT_CLASS = YES_ERROR;
				CLANG_WARN_QUOTED_INCLUDE_IN_FRAMEWORK_HEADER = YES;
				CLANG_WARN_RANGE_LOOP_ANALYSIS = YES;
				CLANG_WARN_STRICT_PROTOTYPES = YES;
				CLANG_WARN_SUSPICIOUS_MOVE = YES;
				CLANG_WARN_UNGUARDED_AVAILABILITY = YES_AGGRESSIVE;
				CLANG_WARN_UNREACHABLE_CODE = YES;
				CLANG_WARN__DUPLICATE_METHOD_MATCH = YES;
				COPY_PHASE_STRIP = NO;
				DEBUG_INFORMATION_FORMAT = "dwarf-with-dsym";
				ENABLE_NS_ASSERTIONS = NO;
				ENABLE_STRICT_OBJC_MSGSEND = YES;
				GCC_C_LANGUAGE_STANDARD = gnu11;
				GCC_NO_COMMON_BLOCKS = YES;
				GCC_WARN_64_TO_32_BIT_CONVERSION = YES;
				GCC_WARN_ABOUT_RETURN_TYPE = YES_ERROR;
				GCC_WARN_UNDECLARED_SELECTOR = YES;
				GCC_WARN_UNINITIALIZED_AUTOS = YES_AGGRESSIVE;
				GCC_WARN_UNUSED_FUNCTION = YES;
				GCC_WARN_UNUSED_VARIABLE = YES;
				IPHONEOS_DEPLOYMENT_TARGET = 16.2;
				MTL_ENABLE_DEBUG_INFO = NO;
				MTL_FAST_MATH = YES;
				SDKROOT = iphoneos;
				SWIFT_COMPILATION_MODE = wholemodule;
				SWIFT_OPTIMIZATION_LEVEL = "-O";
				VALIDATE_PRODUCT = YES;
			};
			name = Release;
		};
		0697F7E0295B4DE500DA427F /* Debug */ = {
			isa = XCBuildConfiguration;
			buildSettings = {
				ASSETCATALOG_COMPILER_APPICON_NAME = AppIcon;
				ASSETCATALOG_COMPILER_GLOBAL_ACCENT_COLOR_NAME = AccentColor;
				CODE_SIGN_STYLE = Automatic;
				CURRENT_PROJECT_VERSION = 1;
				GENERATE_INFOPLIST_FILE = YES;
				INFOPLIST_FILE = CustomCellTable/Info.plist;
				INFOPLIST_KEY_UIApplicationSupportsIndirectInputEvents = YES;
				INFOPLIST_KEY_UILaunchStoryboardName = LaunchScreen;
				INFOPLIST_KEY_UIMainStoryboardFile = Main;
				INFOPLIST_KEY_UISupportedInterfaceOrientations_iPad = "UIInterfaceOrientationPortrait UIInterfaceOrientationPortraitUpsideDown UIInterfaceOrientationLandscapeLeft UIInterfaceOrientationLandscapeRight";
				INFOPLIST_KEY_UISupportedInterfaceOrientations_iPhone = "UIInterfaceOrientationPortrait UIInterfaceOrientationLandscapeLeft UIInterfaceOrientationLandscapeRight";
				LD_RUNPATH_SEARCH_PATHS = (
					"$(inherited)",
					"@executable_path/Frameworks",
				);
				MARKETING_VERSION = 1.0;
				PRODUCT_BUNDLE_IDENTIFIER = info.CustomCellTable;
				PRODUCT_NAME = "$(TARGET_NAME)";
				SWIFT_EMIT_LOC_STRINGS = YES;
				SWIFT_VERSION = 5.0;
				TARGETED_DEVICE_FAMILY = "1,2";
			};
			name = Debug;
		};
		0697F7E1295B4DE500DA427F /* Release */ = {
			isa = XCBuildConfiguration;
			buildSettings = {
				ASSETCATALOG_COMPILER_APPICON_NAME = AppIcon;
				ASSETCATALOG_COMPILER_GLOBAL_ACCENT_COLOR_NAME = AccentColor;
				CODE_SIGN_STYLE = Automatic;
				CURRENT_PROJECT_VERSION = 1;
				GENERATE_INFOPLIST_FILE = YES;
				INFOPLIST_FILE = CustomCellTable/Info.plist;
				INFOPLIST_KEY_UIApplicationSupportsIndirectInputEvents = YES;
				INFOPLIST_KEY_UILaunchStoryboardName = LaunchScreen;
				INFOPLIST_KEY_UIMainStoryboardFile = Main;
				INFOPLIST_KEY_UISupportedInterfaceOrientations_iPad = "UIInterfaceOrientationPortrait UIInterfaceOrientationPortraitUpsideDown UIInterfaceOrientationLandscapeLeft UIInterfaceOrientationLandscapeRight";
				INFOPLIST_KEY_UISupportedInterfaceOrientations_iPhone = "UIInterfaceOrientationPortrait UIInterfaceOrientationLandscapeLeft UIInterfaceOrientationLandscapeRight";
				LD_RUNPATH_SEARCH_PATHS = (
					"$(inherited)",
					"@executable_path/Frameworks",
				);
				MARKETING_VERSION = 1.0;
				PRODUCT_BUNDLE_IDENTIFIER = info.CustomCellTable;
				PRODUCT_NAME = "$(TARGET_NAME)";
				SWIFT_EMIT_LOC_STRINGS = YES;
				SWIFT_VERSION = 5.0;
				TARGETED_DEVICE_FAMILY = "1,2";
			};
			name = Release;
		};
		0697F7E3295B4DE500DA427F /* Debug */ = {
			isa = XCBuildConfiguration;
			buildSettings = {
				ALWAYS_EMBED_SWIFT_STANDARD_LIBRARIES = YES;
				BUNDLE_LOADER = "$(TEST_HOST)";
				CODE_SIGN_STYLE = Automatic;
				CURRENT_PROJECT_VERSION = 1;
				GENERATE_INFOPLIST_FILE = YES;
				IPHONEOS_DEPLOYMENT_TARGET = 16.2;
				MARKETING_VERSION = 1.0;
				PRODUCT_BUNDLE_IDENTIFIER = info.CustomCellTableTests;
				PRODUCT_NAME = "$(TARGET_NAME)";
				SWIFT_EMIT_LOC_STRINGS = NO;
				SWIFT_VERSION = 5.0;
				TARGETED_DEVICE_FAMILY = "1,2";
				TEST_HOST = "$(BUILT_PRODUCTS_DIR)/CustomCellTable.app/$(BUNDLE_EXECUTABLE_FOLDER_PATH)/CustomCellTable";
			};
			name = Debug;
		};
		0697F7E4295B4DE500DA427F /* Release */ = {
			isa = XCBuildConfiguration;
			buildSettings = {
				ALWAYS_EMBED_SWIFT_STANDARD_LIBRARIES = YES;
				BUNDLE_LOADER = "$(TEST_HOST)";
				CODE_SIGN_STYLE = Automatic;
				CURRENT_PROJECT_VERSION = 1;
				GENERATE_INFOPLIST_FILE = YES;
				IPHONEOS_DEPLOYMENT_TARGET = 16.2;
				MARKETING_VERSION = 1.0;
				PRODUCT_BUNDLE_IDENTIFIER = info.CustomCellTableTests;
				PRODUCT_NAME = "$(TARGET_NAME)";
				SWIFT_EMIT_LOC_STRINGS = NO;
				SWIFT_VERSION = 5.0;
				TARGETED_DEVICE_FAMILY = "1,2";
				TEST_HOST = "$(BUILT_PRODUCTS_DIR)/CustomCellTable.app/$(BUNDLE_EXECUTABLE_FOLDER_PATH)/CustomCellTable";
			};
			name = Release;
		};
		0697F7E6295B4DE500DA427F /* Debug */ = {
			isa = XCBuildConfiguration;
			buildSettings = {
				ALWAYS_EMBED_SWIFT_STANDARD_LIBRARIES = YES;
				CODE_SIGN_STYLE = Automatic;
				CURRENT_PROJECT_VERSION = 1;
				GENERATE_INFOPLIST_FILE = YES;
				MARKETING_VERSION = 1.0;
				PRODUCT_BUNDLE_IDENTIFIER = info.CustomCellTableUITests;
				PRODUCT_NAME = "$(TARGET_NAME)";
				SWIFT_EMIT_LOC_STRINGS = NO;
				SWIFT_VERSION = 5.0;
				TARGETED_DEVICE_FAMILY = "1,2";
				TEST_TARGET_NAME = CustomCellTable;
			};
			name = Debug;
		};
		0697F7E7295B4DE500DA427F /* Release */ = {
			isa = XCBuildConfiguration;
			buildSettings = {
				ALWAYS_EMBED_SWIFT_STANDARD_LIBRARIES = YES;
				CODE_SIGN_STYLE = Automatic;
				CURRENT_PROJECT_VERSION = 1;
				GENERATE_INFOPLIST_FILE = YES;
				MARKETING_VERSION = 1.0;
				PRODUCT_BUNDLE_IDENTIFIER = info.CustomCellTableUITests;
				PRODUCT_NAME = "$(TARGET_NAME)";
				SWIFT_EMIT_LOC_STRINGS = NO;
				SWIFT_VERSION = 5.0;
				TARGETED_DEVICE_FAMILY = "1,2";
				TEST_TARGET_NAME = CustomCellTable;
			};
			name = Release;
		};
/* End XCBuildConfiguration section */

/* Begin XCConfigurationList section */
		0697F7B0295B4DE400DA427F /* Build configuration list for PBXProject "CustomCellTable" */ = {
			isa = XCConfigurationList;
			buildConfigurations = (
				0697F7DD295B4DE500DA427F /* Debug */,
				0697F7DE295B4DE500DA427F /* Release */,
			);
			defaultConfigurationIsVisible = 0;
			defaultConfigurationName = Release;
		};
		0697F7DF295B4DE500DA427F /* Build configuration list for PBXNativeTarget "CustomCellTable" */ = {
			isa = XCConfigurationList;
			buildConfigurations = (
				0697F7E0295B4DE500DA427F /* Debug */,
				0697F7E1295B4DE500DA427F /* Release */,
			);
			defaultConfigurationIsVisible = 0;
			defaultConfigurationName = Release;
		};
		0697F7E2295B4DE500DA427F /* Build configuration list for PBXNativeTarget "CustomCellTableTests" */ = {
			isa = XCConfigurationList;
			buildConfigurations = (
				0697F7E3295B4DE500DA427F /* Debug */,
				0697F7E4295B4DE500DA427F /* Release */,
			);
			defaultConfigurationIsVisible = 0;
			defaultConfigurationName = Release;
		};
		0697F7E5295B4DE500DA427F /* Build configuration list for PBXNativeTarget "CustomCellTableUITests" */ = {
			isa = XCConfigurationList;
			buildConfigurations = (
				0697F7E6295B4DE500DA427F /* Debug */,
				0697F7E7295B4DE500DA427F /* Release */,
			);
			defaultConfigurationIsVisible = 0;
			defaultConfigurationName = Release;
		};
/* End XCConfigurationList section */
	};
	rootObject = 0697F7AD295B4DE400DA427F /* Project object */;
}
